Microsoft Visual Studio Solution File, Format Version 12.00
# Visual Studio 14
VisualStudioVersion = 14.0.24720.0
MinimumVisualStudioVersion = 10.0.40219.1
Project("{FAE04EC0-301F-11D3-BF4B-00C04F79EFBC}") = "Assembly-CSharp", "Assembly-CSharp\Assembly-CSharp.csproj", "{597C5814-43B6-42AE-AB98-02EF21DBC166}"
EndProject
Project("{FAE04EC0-301F-11D3-BF4B-00C04F79EFBC}") = "Assembly-CSharp-firstpass", "Assembly-CSharp-firstpass\Assembly-CSharp-firstpass.csproj", "{F1FB965D-9B39-45F6-852D-B896F8E3862E}"
EndProject
Project("{FAE04EC0-301F-11D3-BF4B-00C04F79EFBC}") = "Autodesk.Fbx", "Autodesk.Fbx\Autodesk.Fbx.csproj", "{D6B95A28-BBCC-46BE-9560-E30FD81C1BD5}"
EndProject
Project("{FAE04EC0-301F-11D3-BF4B-00C04F79EFBC}") = "Blueprints.FileDatabaseClientData", "Blueprints.FileDatabaseClientData\Blueprints.FileDatabaseClientData.csproj", "{31423473-B19B-42E5-9547-A2CB4761196B}"
EndProject
Project("{FAE04EC0-301F-11D3-BF4B-00C04F79EFBC}") = "BuildMode", "BuildMode\BuildMode.csproj", "{C545FD7E-18B9-449E-8756-0DEC8D0E5637}"
EndProject
Project("{FAE04EC0-301F-11D3-BF4B-00C04F79EFBC}") = "BundlesBaseTypes", "BundlesBaseTypes\BundlesBaseTypes.csproj", "{FC89E421-599D-4C83-9BAD-425446B03AF5}"
EndProject
Project("{FAE04EC0-301F-11D3-BF4B-00C04F79EFBC}") = "CircularBuffer", "CircularBuffer\CircularBuffer.csproj", "{F85DAEF4-780B-4335-9569-0BC832BD1A07}"
EndProject
Project("{FAE04EC0-301F-11D3-BF4B-00C04F79EFBC}") = "Code", "Code\Code.csproj", "{18C5B279-68EE-4A56-84DD-072E8F8B50C0}"
EndProject
Project("{FAE04EC0-301F-11D3-BF4B-00C04F79EFBC}") = "ContextData", "ContextData\ContextData.csproj", "{1837FBE2-6133-4489-83FC-13F17BCB1C18}"
EndProject
Project("{FAE04EC0-301F-11D3-BF4B-00C04F79EFBC}") = "Core.Async", "Core.Async\Core.Async.csproj", "{7F8A1847-1DAC-452A-A75D-DCEFAC8FDB98}"
EndProject
Project("{FAE04EC0-301F-11D3-BF4B-00C04F79EFBC}") = "Core.Cheats.Attribute", "Core.Cheats.Attribute\Core.Cheats.Attribute.csproj", "{C636EF3D-DB2F-4C6B-B2A4-70EADBE42827}"
EndProject
Project("{FAE04EC0-301F-11D3-BF4B-00C04F79EFBC}") = "Core.Cheats", "Core.Cheats\Core.Cheats.csproj", "{7F016EF6-C9C8-48DD-9499-A90B3EFD64E7}"
EndProject
Project("{FAE04EC0-301F-11D3-BF4B-00C04F79EFBC}") = "Core.Console", "Core.Console\Core.Console.csproj", "{C3980809-8B8F-4CB1-87D6-96AA6F912E3F}"
EndProject
Project("{FAE04EC0-301F-11D3-BF4B-00C04F79EFBC}") = "Core.Overlays", "Core.Overlays\Core.Overlays.csproj", "{00EAE428-50B8-4A1E-885C-18432E2E6023}"
EndProject
Project("{FAE04EC0-301F-11D3-BF4B-00C04F79EFBC}") = "Core.Reflection", "Core.Reflection\Core.Reflection.csproj", "{53FE8FE3-1B65-4CAE-B68B-166CF799C3D9}"
EndProject
Project("{FAE04EC0-301F-11D3-BF4B-00C04F79EFBC}") = "Core.RestServer.Client", "Core.RestServer.Client\Core.RestServer.Client.csproj", "{6DCD03D8-8C63-40FA-B60F-397F2A1ED255}"
EndProject
Project("{FAE04EC0-301F-11D3-BF4B-00C04F79EFBC}") = "Core.RestServer.Common", "Core.RestServer.Common\Core.RestServer.Common.csproj", "{AD462C5C-4C3F-4ECC-BF12-83C96C2C9F9F}"
EndProject
Project("{FAE04EC0-301F-11D3-BF4B-00C04F79EFBC}") = "Core.RestServer", "Core.RestServer\Core.RestServer.csproj", "{568A5434-7A33-4D29-B2F5-39287FD5DC16}"
EndProject
Project("{FAE04EC0-301F-11D3-BF4B-00C04F79EFBC}") = "Core.StateCrawler", "Core.StateCrawler\Core.StateCrawler.csproj", "{13A773C6-35B1-408D-B429-0959A6CE9AF8}"
EndProject
Project("{FAE04EC0-301F-11D3-BF4B-00C04F79EFBC}") = "CountingGuard", "CountingGuard\CountingGuard.csproj", "{E7CD279A-68FC-4E6B-8A8B-2580D23D7608}"
EndProject
Project("{FAE04EC0-301F-11D3-BF4B-00C04F79EFBC}") = "GeometryExtensions", "GeometryExtensions\GeometryExtensions.csproj", "{DB79D467-6F61-4A7C-8578-8EDAC239F099}"
EndProject
Project("{FAE04EC0-301F-11D3-BF4B-00C04F79EFBC}") = "GuidUtility", "GuidUtility\GuidUtility.csproj", "{249B1DDD-DDBA-4794-AC68-1C5A5E4F0C31}"
EndProject
Project("{FAE04EC0-301F-11D3-BF4B-00C04F79EFBC}") = "Kingmaker.Blueprints.Hack", "Kingmaker.Blueprints.Hack\Kingmaker.Blueprints.Hack.csproj", "{B707B45A-E99E-454A-AA58-E0BC624228C3}"
EndProject
Project("{FAE04EC0-301F-11D3-BF4B-00C04F79EFBC}") = "Kingmaker.Blueprints.JsonSystem.EditorDatabase.FileDatabaseClient", "Kingmaker.Blueprints.JsonSystem.EditorDatabase.FileDatabaseClient\Kingmaker.Blueprints.JsonSystem.EditorDatabase.FileDatabaseClient.csproj", "{E8F2CDB0-7F00-4518-B59F-8EC7AD1BE8CC}"
EndProject
Project("{FAE04EC0-301F-11D3-BF4B-00C04F79EFBC}") = "Kingmaker.Blueprints.JsonSystem.Hepers", "Kingmaker.Blueprints.JsonSystem.Hepers\Kingmaker.Blueprints.JsonSystem.Hepers.csproj", "{1CF69DF7-1262-4743-AF3E-07596F7A62FF}"
EndProject
Project("{FAE04EC0-301F-11D3-BF4B-00C04F79EFBC}") = "Kingmaker.Blueprints.OverridesManager", "Kingmaker.Blueprints.OverridesManager\Kingmaker.Blueprints.OverridesManager.csproj", "{29830D45-F0BB-46CE-92FE-7020D159C3F9}"
EndProject
Project("{FAE04EC0-301F-11D3-BF4B-00C04F79EFBC}") = "Kingmaker.Controllers.Enums", "Kingmaker.Controllers.Enums\Kingmaker.Controllers.Enums.csproj", "{D9A41FD6-7F82-41B9-B7D9-304D8694E4D9}"
EndProject
Project("{FAE04EC0-301F-11D3-BF4B-00C04F79EFBC}") = "Kingmaker.Controllers.Interfaces", "Kingmaker.Controllers.Interfaces\Kingmaker.Controllers.Interfaces.csproj", "{CC954E5C-1391-4DD7-9E87-906766EA45BC}"
EndProject
Project("{FAE04EC0-301F-11D3-BF4B-00C04F79EFBC}") = "Kingmaker.EntitySystem.Stats.Base", "Kingmaker.EntitySystem.Stats.Base\Kingmaker.EntitySystem.Stats.Base.csproj", "{4225BC69-1788-4868-A933-3BD2ACA0804E}"
EndProject
Project("{FAE04EC0-301F-11D3-BF4B-00C04F79EFBC}") = "Kingmaker.Enums.Damage", "Kingmaker.Enums.Damage\Kingmaker.Enums.Damage.csproj", "{2515D271-1A49-4E2B-B9E7-25EBF14F2564}"
EndProject
Project("{FAE04EC0-301F-11D3-BF4B-00C04F79EFBC}") = "Kingmaker.GameInfo", "Kingmaker.GameInfo\Kingmaker.GameInfo.csproj", "{1D656597-B9B7-4589-A870-A57BDA4C3197}"
EndProject
Project("{FAE04EC0-301F-11D3-BF4B-00C04F79EFBC}") = "Kingmaker.Localization.Enums", "Kingmaker.Localization.Enums\Kingmaker.Localization.Enums.csproj", "{7B794884-7ACD-43B9-835C-2BDFEA18DEF3}"
EndProject
Project("{FAE04EC0-301F-11D3-BF4B-00C04F79EFBC}") = "Kingmaker.PubSubSystem.Core.Interfaces", "Kingmaker.PubSubSystem.Core.Interfaces\Kingmaker.PubSubSystem.Core.Interfaces.csproj", "{B04DB5D5-429B-4E68-926F-B589C429DB84}"
EndProject
Project("{FAE04EC0-301F-11D3-BF4B-00C04F79EFBC}") = "Kingmaker.ResourceLinks.BaseInterfaces", "Kingmaker.ResourceLinks.BaseInterfaces\Kingmaker.ResourceLinks.BaseInterfaces.csproj", "{CA9AAC37-2FEE-43D6-8821-144D3908D31E}"
EndProject
Project("{FAE04EC0-301F-11D3-BF4B-00C04F79EFBC}") = "Kingmaker.ResourceReplacementProvider", "Kingmaker.ResourceReplacementProvider\Kingmaker.ResourceReplacementProvider.csproj", "{6386A7F1-CADC-4D43-BCEE-0149B838A7B1}"
EndProject
Project("{FAE04EC0-301F-11D3-BF4B-00C04F79EFBC}") = "Kingmaker.RuleSystem.Enum", "Kingmaker.RuleSystem.Enum\Kingmaker.RuleSystem.Enum.csproj", "{BFA89C86-6E74-4FB2-B96E-7573702F1043}"
EndProject
Project("{FAE04EC0-301F-11D3-BF4B-00C04F79EFBC}") = "Kingmaker.RuleSystem.Rules.Interfaces", "Kingmaker.RuleSystem.Rules.Interfaces\Kingmaker.RuleSystem.Rules.Interfaces.csproj", "{2ACA7847-7753-4768-A54D-1631128362EB}"
EndProject
Project("{FAE04EC0-301F-11D3-BF4B-00C04F79EFBC}") = "Kingmaker.Settings.ConstructionHelpers.KeyPrefix", "Kingmaker.Settings.ConstructionHelpers.KeyPrefix\Kingmaker.Settings.ConstructionHelpers.KeyPrefix.csproj", "{1EAB7072-97E6-42A7-8A96-F0E3E597107E}"
EndProject
Project("{FAE04EC0-301F-11D3-BF4B-00C04F79EFBC}") = "Kingmaker.Settings.Interfaces", "Kingmaker.Settings.Interfaces\Kingmaker.Settings.Interfaces.csproj", "{27571D62-695A-49C9-B073-95729D263980}"
EndProject
Project("{FAE04EC0-301F-11D3-BF4B-00C04F79EFBC}") = "Kingmaker.Sound.Base", "Kingmaker.Sound.Base\Kingmaker.Sound.Base.csproj", "{FD1EECAC-AE13-44CD-9300-004EDED01C63}"
EndProject
Project("{FAE04EC0-301F-11D3-BF4B-00C04F79EFBC}") = "Kingmaker.Stores.DlcInterfaces", "Kingmaker.Stores.DlcInterfaces\Kingmaker.Stores.DlcInterfaces.csproj", "{6ABC8B1D-23FC-4E10-A128-67C0362EA367}"
EndProject
Project("{FAE04EC0-301F-11D3-BF4B-00C04F79EFBC}") = "Kingmaker.Stores", "Kingmaker.Stores\Kingmaker.Stores.csproj", "{51E25F53-0A4A-432F-B6D0-68E010CE3F68}"
EndProject
Project("{FAE04EC0-301F-11D3-BF4B-00C04F79EFBC}") = "Kingmaker.TextTools.Base", "Kingmaker.TextTools.Base\Kingmaker.TextTools.Base.csproj", "{1F38C405-3B71-43F0-9979-C686E346F162}"
EndProject
Project("{FAE04EC0-301F-11D3-BF4B-00C04F79EFBC}") = "Kingmaker.TextTools.Core", "Kingmaker.TextTools.Core\Kingmaker.TextTools.Core.csproj", "{302C6533-F2D9-4654-A403-98003D00D2DA}"
EndProject
Project("{FAE04EC0-301F-11D3-BF4B-00C04F79EFBC}") = "Kingmaker.UI.InputSystems.Enums", "Kingmaker.UI.InputSystems.Enums\Kingmaker.UI.InputSystems.Enums.csproj", "{627EB028-F6D2-41E7-82EB-5836D0941D5B}"
EndProject
Project("{FAE04EC0-301F-11D3-BF4B-00C04F79EFBC}") = "Kingmaker.UnitLogic.Enums", "Kingmaker.UnitLogic.Enums\Kingmaker.UnitLogic.Enums.csproj", "{252D3629-BE6B-45B5-82E1-FC345DFBD04B}"
EndProject
Project("{FAE04EC0-301F-11D3-BF4B-00C04F79EFBC}") = "Kingmaker.UnitLogic.Mechanics.Facts.Interfaces", "Kingmaker.UnitLogic.Mechanics.Facts.Interfaces\Kingmaker.UnitLogic.Mechanics.Facts.Interfaces.csproj", "{50230E2B-F769-437B-9D8F-7E3210D105F9}"
EndProject
Project("{FAE04EC0-301F-11D3-BF4B-00C04F79EFBC}") = "Kingmaker.Utility.Enums", "Kingmaker.Utility.Enums\Kingmaker.Utility.Enums.csproj", "{F124829E-C16B-40DC-9D03-88358E129D2A}"
EndProject
Project("{FAE04EC0-301F-11D3-BF4B-00C04F79EFBC}") = "Kingmaker.Utility.FlagCountable", "Kingmaker.Utility.FlagCountable\Kingmaker.Utility.FlagCountable.csproj", "{8760398C-345D-4720-A961-5DA1B92531AE}"
EndProject
Project("{FAE04EC0-301F-11D3-BF4B-00C04F79EFBC}") = "Kingmaker.Utility.Fsm", "Kingmaker.Utility.Fsm\Kingmaker.Utility.Fsm.csproj", "{F1FF66B1-0949-4C6B-BE22-91294831B710}"
EndProject
Project("{FAE04EC0-301F-11D3-BF4B-00C04F79EFBC}") = "Kingmaker.Utility.Random", "Kingmaker.Utility.Random\Kingmaker.Utility.Random.csproj", "{98D22CB8-24BF-455F-9ED9-ED6096DF1D44}"
EndProject
Project("{FAE04EC0-301F-11D3-BF4B-00C04F79EFBC}") = "Kingmaker.Visual.Animation.GraphVisualizerClient", "Kingmaker.Visual.Animation.GraphVisualizerClient\Kingmaker.Visual.Animation.GraphVisualizerClient.csproj", "{77591088-6AF5-4F5D-BBD4-713C958E6C8A}"
EndProject
Project("{FAE04EC0-301F-11D3-BF4B-00C04F79EFBC}") = "Kingmaker.Visual.Base", "Kingmaker.Visual.Base\Kingmaker.Visual.Base.csproj", "{1F0CFF4F-FD15-47BF-AE50-4A1BF4BA46E6}"
EndProject
Project("{FAE04EC0-301F-11D3-BF4B-00C04F79EFBC}") = "Kingmaker.Visual.HitSystem.Base", "Kingmaker.Visual.HitSystem.Base\Kingmaker.Visual.HitSystem.Base.csproj", "{409CA223-5A5C-4B5F-A1FA-C531C3D65051}"
EndProject
Project("{FAE04EC0-301F-11D3-BF4B-00C04F79EFBC}") = "Kingmaker.Visual.Particles.GameObjectsPooling", "Kingmaker.Visual.Particles.GameObjectsPooling\Kingmaker.Visual.Particles.GameObjectsPooling.csproj", "{68FA2C31-A7AF-4D33-BB80-EBCB543DF32B}"
EndProject
Project("{FAE04EC0-301F-11D3-BF4B-00C04F79EFBC}") = "LocalizationShared", "LocalizationShared\LocalizationShared.csproj", "{E04ABECB-D53B-4FAB-8DF6-ACAD4BC000C8}"
EndProject
Project("{FAE04EC0-301F-11D3-BF4B-00C04F79EFBC}") = "Owlcat.Runtime.Core", "Owlcat.Runtime.Core\Owlcat.Runtime.Core.csproj", "{D1898492-5A6D-402E-A779-70DF0C98DC57}"
EndProject
Project("{FAE04EC0-301F-11D3-BF4B-00C04F79EFBC}") = "Owlcat.Runtime.Validation", "Owlcat.Runtime.Validation\Owlcat.Runtime.Validation.csproj", "{B8E229CA-0622-4DA6-A74A-CF3E1F52DDA1}"
EndProject
Project("{FAE04EC0-301F-11D3-BF4B-00C04F79EFBC}") = "Owlcat.Runtime.Visual", "Owlcat.Runtime.Visual\Owlcat.Runtime.Visual.csproj", "{781599B5-D555-4956-8600-1928700AE398}"
EndProject
Project("{FAE04EC0-301F-11D3-BF4B-00C04F79EFBC}") = "Owlcat.ShaderLibrary.Visual", "Owlcat.ShaderLibrary.Visual\Owlcat.ShaderLibrary.Visual.csproj", "{959E9218-4CBB-4DD9-B21E-FAD7FEC23132}"
EndProject
Project("{FAE04EC0-301F-11D3-BF4B-00C04F79EFBC}") = "Owlcat.Shaders.Visual", "Owlcat.Shaders.Visual\Owlcat.Shaders.Visual.csproj", "{6064CF32-9B6C-4472-8DC1-1365A31DE2B5}"
EndProject
Project("{FAE04EC0-301F-11D3-BF4B-00C04F79EFBC}") = "Owlcat.UI", "Owlcat.UI\Owlcat.UI.csproj", "{C684CA78-5719-40BF-BC7D-F006E0016A8D}"
EndProject
Project("{FAE04EC0-301F-11D3-BF4B-00C04F79EFBC}") = "Owlcat.UI.Controls", "Owlcat.UI.Controls\Owlcat.UI.Controls.csproj", "{5F430EDB-FF0F-4196-B2EF-77E2A445ADFF}"
EndProject
Project("{FAE04EC0-301F-11D3-BF4B-00C04F79EFBC}") = "Owlcat.UI.DH", "Owlcat.UI.DH\Owlcat.UI.DH.csproj", "{08CE2C1F-C3EB-4894-805C-DCD8A9C1D270}"
EndProject
Project("{FAE04EC0-301F-11D3-BF4B-00C04F79EFBC}") = "PFlog", "PFlog\PFlog.csproj", "{27913909-4A6F-4484-A685-B3949861F121}"
EndProject
Project("{FAE04EC0-301F-11D3-BF4B-00C04F79EFBC}") = "ReplayLog", "ReplayLog\ReplayLog.csproj", "{0807C1BB-E783-4B54-9B0C-D988BC1B2234}"
EndProject
Project("{FAE04EC0-301F-11D3-BF4B-00C04F79EFBC}") = "RogueTrader.Code.ShaderConsts", "RogueTrader.Code.ShaderConsts\RogueTrader.Code.ShaderConsts.csproj", "{5E8C9876-3CF0-403C-B250-36EC498EF1E3}"
EndProject
Project("{FAE04EC0-301F-11D3-BF4B-00C04F79EFBC}") = "RogueTrader.QA.QAModeExceptionEvents", "RogueTrader.QA.QAModeExceptionEvents\RogueTrader.QA.QAModeExceptionEvents.csproj", "{26A0E929-4938-47F3-BFE5-D719FC4BBA07}"
EndProject
Project("{FAE04EC0-301F-11D3-BF4B-00C04F79EFBC}") = "RogueTrader.SharedTypes", "RogueTrader.SharedTypes\RogueTrader.SharedTypes.csproj", "{79183ACA-B301-4591-B727-1B593BB61AAB}"
EndProject
Project("{FAE04EC0-301F-11D3-BF4B-00C04F79EFBC}") = "StatefulRandom", "StatefulRandom\StatefulRandom.csproj", "{754427C1-7C51-44B3-9CA5-63BF3D2CE3EC}"
EndProject
Project("{FAE04EC0-301F-11D3-BF4B-00C04F79EFBC}") = "StateHasher", "StateHasher\StateHasher.csproj", "{F548274D-131D-470E-930B-E0D96C4D7662}"
EndProject
Project("{FAE04EC0-301F-11D3-BF4B-00C04F79EFBC}") = "Utility.CodeTimer", "Utility.CodeTimer\Utility.CodeTimer.csproj", "{3BADA9C1-2FF4-4C70-BC43-C5D242340D93}"
EndProject
Project("{FAE04EC0-301F-11D3-BF4B-00C04F79EFBC}") = "Utility.CommandLineArguments", "Utility.CommandLineArguments\Utility.CommandLineArguments.csproj", "{D6EF6F5E-46E1-4F5E-97E1-36F14D205A60}"
EndProject
Project("{FAE04EC0-301F-11D3-BF4B-00C04F79EFBC}") = "Utility.DisposableExtension", "Utility.DisposableExtension\Utility.DisposableExtension.csproj", "{4FCC8613-E120-4C0C-8F44-169984343E94}"
EndProject
Project("{FAE04EC0-301F-11D3-BF4B-00C04F79EFBC}") = "Utility.DotNetExtensions", "Utility.DotNetExtensions\Utility.DotNetExtensions.csproj", "{6C1C2E85-2288-44BD-BA80-200DF7CB37F0}"
EndProject
Project("{FAE04EC0-301F-11D3-BF4B-00C04F79EFBC}") = "Utility.ExtendedModInfo", "Utility.ExtendedModInfo\Utility.ExtendedModInfo.csproj", "{E4FADAE0-2297-4795-B75E-F105D9B2757E}"
EndProject
Project("{FAE04EC0-301F-11D3-BF4B-00C04F79EFBC}") = "Utility.GameConsts", "Utility.GameConsts\Utility.GameConsts.csproj", "{5B7D2690-B9E0-4644-AD4D-A5F6F48C639F}"
EndProject
Project("{FAE04EC0-301F-11D3-BF4B-00C04F79EFBC}") = "Utility.ModsInfo", "Utility.ModsInfo\Utility.ModsInfo.csproj", "{7AEC2F03-D491-4334-9D32-AC1A5F871B65}"
EndProject
Project("{FAE04EC0-301F-11D3-BF4B-00C04F79EFBC}") = "Utility.Reporting.Base", "Utility.Reporting.Base\Utility.Reporting.Base.csproj", "{C8614E89-6A3F-4768-9F39-1148C7DAC804}"
EndProject
Project("{FAE04EC0-301F-11D3-BF4B-00C04F79EFBC}") = "Utility.Rounds", "Utility.Rounds\Utility.Rounds.csproj", "{A5E17C5F-9E92-4A25-A4B7-F7BF518A3A85}"
EndProject
Project("{FAE04EC0-301F-11D3-BF4B-00C04F79EFBC}") = "Utility.UnityExtensions", "Utility.UnityExtensions\Utility.UnityExtensions.csproj", "{5A232EF6-4FC1-40EE-9D0A-8481C4B9CC2B}"
EndProject
Project("{FAE04EC0-301F-11D3-BF4B-00C04F79EFBC}") = "UtilityAttributes", "UtilityAttributes\UtilityAttributes.csproj", "{2AC125CA-FA10-4BC8-890B-1AAA9DDF4076}"
EndProject
Project("{FAE04EC0-301F-11D3-BF4B-00C04F79EFBC}") = "unity-ui-extensions", "unity-ui-extensions\unity-ui-extensions.csproj", "{90117A5A-6090-4656-8A46-7ABD51C1B3A4}"
EndProject
Project("{FAE04EC0-301F-11D3-BF4B-00C04F79EFBC}") = "UIDataProvider", "UIDataProvider\UIDataProvider.csproj", "{769948C4-4CD1-4794-BC03-CC979F5B140C}"
EndProject
Project("{FAE04EC0-301F-11D3-BF4B-00C04F79EFBC}") = "ObservableCollections", "ObservableCollections\ObservableCollections.csproj", "{9E6D2FE5-0275-4913-BE00-8CA18A6EB68A}"
EndProject
Project("{FAE04EC0-301F-11D3-BF4B-00C04F79EFBC}") = "UnityModManagerBridge", "UnityModManagerBridge\UnityModManagerBridge.csproj", "{E6F64D8F-B0BE-41CB-989D-0274A2B6975C}"
EndProject
Project("{FAE04EC0-301F-11D3-BF4B-00C04F79EFBC}") = "UnityModManager", "UnityModManager\UnityModManager.csproj", "{E9D3ABC0-61D2-4BFD-A2CC-F8AF3636722F}"
EndProject
Global
	GlobalSection(SolutionConfigurationPlatforms) = preSolution
		Debug|AnyCPU = Debug|AnyCPU
		Release|AnyCPU = Release|AnyCPU
	EndGlobalSection
	GlobalSection(ProjectConfigurationPlatforms) = postSolution
		{597C5814-43B6-42AE-AB98-02EF21DBC166}.Debug|AnyCPU.ActiveCfg = Debug|AnyCPU
		{597C5814-43B6-42AE-AB98-02EF21DBC166}.Debug|AnyCPU.Build.0 = Debug|AnyCPU
		{597C5814-43B6-42AE-AB98-02EF21DBC166}.Release|AnyCPU.ActiveCfg = Release|AnyCPU
		{597C5814-43B6-42AE-AB98-02EF21DBC166}.Release|AnyCPU.Build.0 = Release|AnyCPU
		{F1FB965D-9B39-45F6-852D-B896F8E3862E}.Debug|AnyCPU.ActiveCfg = Debug|AnyCPU
		{F1FB965D-9B39-45F6-852D-B896F8E3862E}.Debug|AnyCPU.Build.0 = Debug|AnyCPU
		{F1FB965D-9B39-45F6-852D-B896F8E3862E}.Release|AnyCPU.ActiveCfg = Release|AnyCPU
		{F1FB965D-9B39-45F6-852D-B896F8E3862E}.Release|AnyCPU.Build.0 = Release|AnyCPU
		{D6B95A28-BBCC-46BE-9560-E30FD81C1BD5}.Debug|AnyCPU.ActiveCfg = Debug|AnyCPU
		{D6B95A28-BBCC-46BE-9560-E30FD81C1BD5}.Debug|AnyCPU.Build.0 = Debug|AnyCPU
		{D6B95A28-BBCC-46BE-9560-E30FD81C1BD5}.Release|AnyCPU.ActiveCfg = Release|AnyCPU
		{D6B95A28-BBCC-46BE-9560-E30FD81C1BD5}.Release|AnyCPU.Build.0 = Release|AnyCPU
		{31423473-B19B-42E5-9547-A2CB4761196B}.Debug|AnyCPU.ActiveCfg = Debug|AnyCPU
		{31423473-B19B-42E5-9547-A2CB4761196B}.Debug|AnyCPU.Build.0 = Debug|AnyCPU
		{31423473-B19B-42E5-9547-A2CB4761196B}.Release|AnyCPU.ActiveCfg = Release|AnyCPU
		{31423473-B19B-42E5-9547-A2CB4761196B}.Release|AnyCPU.Build.0 = Release|AnyCPU
		{C545FD7E-18B9-449E-8756-0DEC8D0E5637}.Debug|AnyCPU.ActiveCfg = Debug|AnyCPU
		{C545FD7E-18B9-449E-8756-0DEC8D0E5637}.Debug|AnyCPU.Build.0 = Debug|AnyCPU
		{C545FD7E-18B9-449E-8756-0DEC8D0E5637}.Release|AnyCPU.ActiveCfg = Release|AnyCPU
		{C545FD7E-18B9-449E-8756-0DEC8D0E5637}.Release|AnyCPU.Build.0 = Release|AnyCPU
		{FC89E421-599D-4C83-9BAD-425446B03AF5}.Debug|AnyCPU.ActiveCfg = Debug|AnyCPU
		{FC89E421-599D-4C83-9BAD-425446B03AF5}.Debug|AnyCPU.Build.0 = Debug|AnyCPU
		{FC89E421-599D-4C83-9BAD-425446B03AF5}.Release|AnyCPU.ActiveCfg = Release|AnyCPU
		{FC89E421-599D-4C83-9BAD-425446B03AF5}.Release|AnyCPU.Build.0 = Release|AnyCPU
		{F85DAEF4-780B-4335-9569-0BC832BD1A07}.Debug|AnyCPU.ActiveCfg = Debug|AnyCPU
		{F85DAEF4-780B-4335-9569-0BC832BD1A07}.Debug|AnyCPU.Build.0 = Debug|AnyCPU
		{F85DAEF4-780B-4335-9569-0BC832BD1A07}.Release|AnyCPU.ActiveCfg = Release|AnyCPU
		{F85DAEF4-780B-4335-9569-0BC832BD1A07}.Release|AnyCPU.Build.0 = Release|AnyCPU
		{18C5B279-68EE-4A56-84DD-072E8F8B50C0}.Debug|AnyCPU.ActiveCfg = Debug|AnyCPU
		{18C5B279-68EE-4A56-84DD-072E8F8B50C0}.Debug|AnyCPU.Build.0 = Debug|AnyCPU
		{18C5B279-68EE-4A56-84DD-072E8F8B50C0}.Release|AnyCPU.ActiveCfg = Release|AnyCPU
		{18C5B279-68EE-4A56-84DD-072E8F8B50C0}.Release|AnyCPU.Build.0 = Release|AnyCPU
		{1837FBE2-6133-4489-83FC-13F17BCB1C18}.Debug|AnyCPU.ActiveCfg = Debug|AnyCPU
		{1837FBE2-6133-4489-83FC-13F17BCB1C18}.Debug|AnyCPU.Build.0 = Debug|AnyCPU
		{1837FBE2-6133-4489-83FC-13F17BCB1C18}.Release|AnyCPU.ActiveCfg = Release|AnyCPU
		{1837FBE2-6133-4489-83FC-13F17BCB1C18}.Release|AnyCPU.Build.0 = Release|AnyCPU
		{7F8A1847-1DAC-452A-A75D-DCEFAC8FDB98}.Debug|AnyCPU.ActiveCfg = Debug|AnyCPU
		{7F8A1847-1DAC-452A-A75D-DCEFAC8FDB98}.Debug|AnyCPU.Build.0 = Debug|AnyCPU
		{7F8A1847-1DAC-452A-A75D-DCEFAC8FDB98}.Release|AnyCPU.ActiveCfg = Release|AnyCPU
		{7F8A1847-1DAC-452A-A75D-DCEFAC8FDB98}.Release|AnyCPU.Build.0 = Release|AnyCPU
		{C636EF3D-DB2F-4C6B-B2A4-70EADBE42827}.Debug|AnyCPU.ActiveCfg = Debug|AnyCPU
		{C636EF3D-DB2F-4C6B-B2A4-70EADBE42827}.Debug|AnyCPU.Build.0 = Debug|AnyCPU
		{C636EF3D-DB2F-4C6B-B2A4-70EADBE42827}.Release|AnyCPU.ActiveCfg = Release|AnyCPU
		{C636EF3D-DB2F-4C6B-B2A4-70EADBE42827}.Release|AnyCPU.Build.0 = Release|AnyCPU
		{7F016EF6-C9C8-48DD-9499-A90B3EFD64E7}.Debug|AnyCPU.ActiveCfg = Debug|AnyCPU
		{7F016EF6-C9C8-48DD-9499-A90B3EFD64E7}.Debug|AnyCPU.Build.0 = Debug|AnyCPU
		{7F016EF6-C9C8-48DD-9499-A90B3EFD64E7}.Release|AnyCPU.ActiveCfg = Release|AnyCPU
		{7F016EF6-C9C8-48DD-9499-A90B3EFD64E7}.Release|AnyCPU.Build.0 = Release|AnyCPU
		{C3980809-8B8F-4CB1-87D6-96AA6F912E3F}.Debug|AnyCPU.ActiveCfg = Debug|AnyCPU
		{C3980809-8B8F-4CB1-87D6-96AA6F912E3F}.Debug|AnyCPU.Build.0 = Debug|AnyCPU
		{C3980809-8B8F-4CB1-87D6-96AA6F912E3F}.Release|AnyCPU.ActiveCfg = Release|AnyCPU
		{C3980809-8B8F-4CB1-87D6-96AA6F912E3F}.Release|AnyCPU.Build.0 = Release|AnyCPU
		{00EAE428-50B8-4A1E-885C-18432E2E6023}.Debug|AnyCPU.ActiveCfg = Debug|AnyCPU
		{00EAE428-50B8-4A1E-885C-18432E2E6023}.Debug|AnyCPU.Build.0 = Debug|AnyCPU
		{00EAE428-50B8-4A1E-885C-18432E2E6023}.Release|AnyCPU.ActiveCfg = Release|AnyCPU
		{00EAE428-50B8-4A1E-885C-18432E2E6023}.Release|AnyCPU.Build.0 = Release|AnyCPU
		{53FE8FE3-1B65-4CAE-B68B-166CF799C3D9}.Debug|AnyCPU.ActiveCfg = Debug|AnyCPU
		{53FE8FE3-1B65-4CAE-B68B-166CF799C3D9}.Debug|AnyCPU.Build.0 = Debug|AnyCPU
		{53FE8FE3-1B65-4CAE-B68B-166CF799C3D9}.Release|AnyCPU.ActiveCfg = Release|AnyCPU
		{53FE8FE3-1B65-4CAE-B68B-166CF799C3D9}.Release|AnyCPU.Build.0 = Release|AnyCPU
		{6DCD03D8-8C63-40FA-B60F-397F2A1ED255}.Debug|AnyCPU.ActiveCfg = Debug|AnyCPU
		{6DCD03D8-8C63-40FA-B60F-397F2A1ED255}.Debug|AnyCPU.Build.0 = Debug|AnyCPU
		{6DCD03D8-8C63-40FA-B60F-397F2A1ED255}.Release|AnyCPU.ActiveCfg = Release|AnyCPU
		{6DCD03D8-8C63-40FA-B60F-397F2A1ED255}.Release|AnyCPU.Build.0 = Release|AnyCPU
		{AD462C5C-4C3F-4ECC-BF12-83C96C2C9F9F}.Debug|AnyCPU.ActiveCfg = Debug|AnyCPU
		{AD462C5C-4C3F-4ECC-BF12-83C96C2C9F9F}.Debug|AnyCPU.Build.0 = Debug|AnyCPU
		{AD462C5C-4C3F-4ECC-BF12-83C96C2C9F9F}.Release|AnyCPU.ActiveCfg = Release|AnyCPU
		{AD462C5C-4C3F-4ECC-BF12-83C96C2C9F9F}.Release|AnyCPU.Build.0 = Release|AnyCPU
		{568A5434-7A33-4D29-B2F5-39287FD5DC16}.Debug|AnyCPU.ActiveCfg = Debug|AnyCPU
		{568A5434-7A33-4D29-B2F5-39287FD5DC16}.Debug|AnyCPU.Build.0 = Debug|AnyCPU
		{568A5434-7A33-4D29-B2F5-39287FD5DC16}.Release|AnyCPU.ActiveCfg = Release|AnyCPU
		{568A5434-7A33-4D29-B2F5-39287FD5DC16}.Release|AnyCPU.Build.0 = Release|AnyCPU
		{13A773C6-35B1-408D-B429-0959A6CE9AF8}.Debug|AnyCPU.ActiveCfg = Debug|AnyCPU
		{13A773C6-35B1-408D-B429-0959A6CE9AF8}.Debug|AnyCPU.Build.0 = Debug|AnyCPU
		{13A773C6-35B1-408D-B429-0959A6CE9AF8}.Release|AnyCPU.ActiveCfg = Release|AnyCPU
		{13A773C6-35B1-408D-B429-0959A6CE9AF8}.Release|AnyCPU.Build.0 = Release|AnyCPU
		{E7CD279A-68FC-4E6B-8A8B-2580D23D7608}.Debug|AnyCPU.ActiveCfg = Debug|AnyCPU
		{E7CD279A-68FC-4E6B-8A8B-2580D23D7608}.Debug|AnyCPU.Build.0 = Debug|AnyCPU
		{E7CD279A-68FC-4E6B-8A8B-2580D23D7608}.Release|AnyCPU.ActiveCfg = Release|AnyCPU
		{E7CD279A-68FC-4E6B-8A8B-2580D23D7608}.Release|AnyCPU.Build.0 = Release|AnyCPU
		{DB79D467-6F61-4A7C-8578-8EDAC239F099}.Debug|AnyCPU.ActiveCfg = Debug|AnyCPU
		{DB79D467-6F61-4A7C-8578-8EDAC239F099}.Debug|AnyCPU.Build.0 = Debug|AnyCPU
		{DB79D467-6F61-4A7C-8578-8EDAC239F099}.Release|AnyCPU.ActiveCfg = Release|AnyCPU
		{DB79D467-6F61-4A7C-8578-8EDAC239F099}.Release|AnyCPU.Build.0 = Release|AnyCPU
		{249B1DDD-DDBA-4794-AC68-1C5A5E4F0C31}.Debug|AnyCPU.ActiveCfg = Debug|AnyCPU
		{249B1DDD-DDBA-4794-AC68-1C5A5E4F0C31}.Debug|AnyCPU.Build.0 = Debug|AnyCPU
		{249B1DDD-DDBA-4794-AC68-1C5A5E4F0C31}.Release|AnyCPU.ActiveCfg = Release|AnyCPU
		{249B1DDD-DDBA-4794-AC68-1C5A5E4F0C31}.Release|AnyCPU.Build.0 = Release|AnyCPU
		{B707B45A-E99E-454A-AA58-E0BC624228C3}.Debug|AnyCPU.ActiveCfg = Debug|AnyCPU
		{B707B45A-E99E-454A-AA58-E0BC624228C3}.Debug|AnyCPU.Build.0 = Debug|AnyCPU
		{B707B45A-E99E-454A-AA58-E0BC624228C3}.Release|AnyCPU.ActiveCfg = Release|AnyCPU
		{B707B45A-E99E-454A-AA58-E0BC624228C3}.Release|AnyCPU.Build.0 = Release|AnyCPU
		{E8F2CDB0-7F00-4518-B59F-8EC7AD1BE8CC}.Debug|AnyCPU.ActiveCfg = Debug|AnyCPU
		{E8F2CDB0-7F00-4518-B59F-8EC7AD1BE8CC}.Debug|AnyCPU.Build.0 = Debug|AnyCPU
		{E8F2CDB0-7F00-4518-B59F-8EC7AD1BE8CC}.Release|AnyCPU.ActiveCfg = Release|AnyCPU
		{E8F2CDB0-7F00-4518-B59F-8EC7AD1BE8CC}.Release|AnyCPU.Build.0 = Release|AnyCPU
		{1CF69DF7-1262-4743-AF3E-07596F7A62FF}.Debug|AnyCPU.ActiveCfg = Debug|AnyCPU
		{1CF69DF7-1262-4743-AF3E-07596F7A62FF}.Debug|AnyCPU.Build.0 = Debug|AnyCPU
		{1CF69DF7-1262-4743-AF3E-07596F7A62FF}.Release|AnyCPU.ActiveCfg = Release|AnyCPU
		{1CF69DF7-1262-4743-AF3E-07596F7A62FF}.Release|AnyCPU.Build.0 = Release|AnyCPU
		{29830D45-F0BB-46CE-92FE-7020D159C3F9}.Debug|AnyCPU.ActiveCfg = Debug|AnyCPU
		{29830D45-F0BB-46CE-92FE-7020D159C3F9}.Debug|AnyCPU.Build.0 = Debug|AnyCPU
		{29830D45-F0BB-46CE-92FE-7020D159C3F9}.Release|AnyCPU.ActiveCfg = Release|AnyCPU
		{29830D45-F0BB-46CE-92FE-7020D159C3F9}.Release|AnyCPU.Build.0 = Release|AnyCPU
		{D9A41FD6-7F82-41B9-B7D9-304D8694E4D9}.Debug|AnyCPU.ActiveCfg = Debug|AnyCPU
		{D9A41FD6-7F82-41B9-B7D9-304D8694E4D9}.Debug|AnyCPU.Build.0 = Debug|AnyCPU
		{D9A41FD6-7F82-41B9-B7D9-304D8694E4D9}.Release|AnyCPU.ActiveCfg = Release|AnyCPU
		{D9A41FD6-7F82-41B9-B7D9-304D8694E4D9}.Release|AnyCPU.Build.0 = Release|AnyCPU
		{CC954E5C-1391-4DD7-9E87-906766EA45BC}.Debug|AnyCPU.ActiveCfg = Debug|AnyCPU
		{CC954E5C-1391-4DD7-9E87-906766EA45BC}.Debug|AnyCPU.Build.0 = Debug|AnyCPU
		{CC954E5C-1391-4DD7-9E87-906766EA45BC}.Release|AnyCPU.ActiveCfg = Release|AnyCPU
		{CC954E5C-1391-4DD7-9E87-906766EA45BC}.Release|AnyCPU.Build.0 = Release|AnyCPU
		{4225BC69-1788-4868-A933-3BD2ACA0804E}.Debug|AnyCPU.ActiveCfg = Debug|AnyCPU
		{4225BC69-1788-4868-A933-3BD2ACA0804E}.Debug|AnyCPU.Build.0 = Debug|AnyCPU
		{4225BC69-1788-4868-A933-3BD2ACA0804E}.Release|AnyCPU.ActiveCfg = Release|AnyCPU
		{4225BC69-1788-4868-A933-3BD2ACA0804E}.Release|AnyCPU.Build.0 = Release|AnyCPU
		{2515D271-1A49-4E2B-B9E7-25EBF14F2564}.Debug|AnyCPU.ActiveCfg = Debug|AnyCPU
		{2515D271-1A49-4E2B-B9E7-25EBF14F2564}.Debug|AnyCPU.Build.0 = Debug|AnyCPU
		{2515D271-1A49-4E2B-B9E7-25EBF14F2564}.Release|AnyCPU.ActiveCfg = Release|AnyCPU
		{2515D271-1A49-4E2B-B9E7-25EBF14F2564}.Release|AnyCPU.Build.0 = Release|AnyCPU
		{1D656597-B9B7-4589-A870-A57BDA4C3197}.Debug|AnyCPU.ActiveCfg = Debug|AnyCPU
		{1D656597-B9B7-4589-A870-A57BDA4C3197}.Debug|AnyCPU.Build.0 = Debug|AnyCPU
		{1D656597-B9B7-4589-A870-A57BDA4C3197}.Release|AnyCPU.ActiveCfg = Release|AnyCPU
		{1D656597-B9B7-4589-A870-A57BDA4C3197}.Release|AnyCPU.Build.0 = Release|AnyCPU
		{7B794884-7ACD-43B9-835C-2BDFEA18DEF3}.Debug|AnyCPU.ActiveCfg = Debug|AnyCPU
		{7B794884-7ACD-43B9-835C-2BDFEA18DEF3}.Debug|AnyCPU.Build.0 = Debug|AnyCPU
		{7B794884-7ACD-43B9-835C-2BDFEA18DEF3}.Release|AnyCPU.ActiveCfg = Release|AnyCPU
		{7B794884-7ACD-43B9-835C-2BDFEA18DEF3}.Release|AnyCPU.Build.0 = Release|AnyCPU
		{B04DB5D5-429B-4E68-926F-B589C429DB84}.Debug|AnyCPU.ActiveCfg = Debug|AnyCPU
		{B04DB5D5-429B-4E68-926F-B589C429DB84}.Debug|AnyCPU.Build.0 = Debug|AnyCPU
		{B04DB5D5-429B-4E68-926F-B589C429DB84}.Release|AnyCPU.ActiveCfg = Release|AnyCPU
		{B04DB5D5-429B-4E68-926F-B589C429DB84}.Release|AnyCPU.Build.0 = Release|AnyCPU
		{CA9AAC37-2FEE-43D6-8821-144D3908D31E}.Debug|AnyCPU.ActiveCfg = Debug|AnyCPU
		{CA9AAC37-2FEE-43D6-8821-144D3908D31E}.Debug|AnyCPU.Build.0 = Debug|AnyCPU
		{CA9AAC37-2FEE-43D6-8821-144D3908D31E}.Release|AnyCPU.ActiveCfg = Release|AnyCPU
		{CA9AAC37-2FEE-43D6-8821-144D3908D31E}.Release|AnyCPU.Build.0 = Release|AnyCPU
		{6386A7F1-CADC-4D43-BCEE-0149B838A7B1}.Debug|AnyCPU.ActiveCfg = Debug|AnyCPU
		{6386A7F1-CADC-4D43-BCEE-0149B838A7B1}.Debug|AnyCPU.Build.0 = Debug|AnyCPU
		{6386A7F1-CADC-4D43-BCEE-0149B838A7B1}.Release|AnyCPU.ActiveCfg = Release|AnyCPU
		{6386A7F1-CADC-4D43-BCEE-0149B838A7B1}.Release|AnyCPU.Build.0 = Release|AnyCPU
		{BFA89C86-6E74-4FB2-B96E-7573702F1043}.Debug|AnyCPU.ActiveCfg = Debug|AnyCPU
		{BFA89C86-6E74-4FB2-B96E-7573702F1043}.Debug|AnyCPU.Build.0 = Debug|AnyCPU
		{BFA89C86-6E74-4FB2-B96E-7573702F1043}.Release|AnyCPU.ActiveCfg = Release|AnyCPU
		{BFA89C86-6E74-4FB2-B96E-7573702F1043}.Release|AnyCPU.Build.0 = Release|AnyCPU
		{2ACA7847-7753-4768-A54D-1631128362EB}.Debug|AnyCPU.ActiveCfg = Debug|AnyCPU
		{2ACA7847-7753-4768-A54D-1631128362EB}.Debug|AnyCPU.Build.0 = Debug|AnyCPU
		{2ACA7847-7753-4768-A54D-1631128362EB}.Release|AnyCPU.ActiveCfg = Release|AnyCPU
		{2ACA7847-7753-4768-A54D-1631128362EB}.Release|AnyCPU.Build.0 = Release|AnyCPU
		{1EAB7072-97E6-42A7-8A96-F0E3E597107E}.Debug|AnyCPU.ActiveCfg = Debug|AnyCPU
		{1EAB7072-97E6-42A7-8A96-F0E3E597107E}.Debug|AnyCPU.Build.0 = Debug|AnyCPU
		{1EAB7072-97E6-42A7-8A96-F0E3E597107E}.Release|AnyCPU.ActiveCfg = Release|AnyCPU
		{1EAB7072-97E6-42A7-8A96-F0E3E597107E}.Release|AnyCPU.Build.0 = Release|AnyCPU
		{27571D62-695A-49C9-B073-95729D263980}.Debug|AnyCPU.ActiveCfg = Debug|AnyCPU
		{27571D62-695A-49C9-B073-95729D263980}.Debug|AnyCPU.Build.0 = Debug|AnyCPU
		{27571D62-695A-49C9-B073-95729D263980}.Release|AnyCPU.ActiveCfg = Release|AnyCPU
		{27571D62-695A-49C9-B073-95729D263980}.Release|AnyCPU.Build.0 = Release|AnyCPU
		{FD1EECAC-AE13-44CD-9300-004EDED01C63}.Debug|AnyCPU.ActiveCfg = Debug|AnyCPU
		{FD1EECAC-AE13-44CD-9300-004EDED01C63}.Debug|AnyCPU.Build.0 = Debug|AnyCPU
		{FD1EECAC-AE13-44CD-9300-004EDED01C63}.Release|AnyCPU.ActiveCfg = Release|AnyCPU
		{FD1EECAC-AE13-44CD-9300-004EDED01C63}.Release|AnyCPU.Build.0 = Release|AnyCPU
		{6ABC8B1D-23FC-4E10-A128-67C0362EA367}.Debug|AnyCPU.ActiveCfg = Debug|AnyCPU
		{6ABC8B1D-23FC-4E10-A128-67C0362EA367}.Debug|AnyCPU.Build.0 = Debug|AnyCPU
		{6ABC8B1D-23FC-4E10-A128-67C0362EA367}.Release|AnyCPU.ActiveCfg = Release|AnyCPU
		{6ABC8B1D-23FC-4E10-A128-67C0362EA367}.Release|AnyCPU.Build.0 = Release|AnyCPU
		{51E25F53-0A4A-432F-B6D0-68E010CE3F68}.Debug|AnyCPU.ActiveCfg = Debug|AnyCPU
		{51E25F53-0A4A-432F-B6D0-68E010CE3F68}.Debug|AnyCPU.Build.0 = Debug|AnyCPU
		{51E25F53-0A4A-432F-B6D0-68E010CE3F68}.Release|AnyCPU.ActiveCfg = Release|AnyCPU
		{51E25F53-0A4A-432F-B6D0-68E010CE3F68}.Release|AnyCPU.Build.0 = Release|AnyCPU
		{1F38C405-3B71-43F0-9979-C686E346F162}.Debug|AnyCPU.ActiveCfg = Debug|AnyCPU
		{1F38C405-3B71-43F0-9979-C686E346F162}.Debug|AnyCPU.Build.0 = Debug|AnyCPU
		{1F38C405-3B71-43F0-9979-C686E346F162}.Release|AnyCPU.ActiveCfg = Release|AnyCPU
		{1F38C405-3B71-43F0-9979-C686E346F162}.Release|AnyCPU.Build.0 = Release|AnyCPU
		{302C6533-F2D9-4654-A403-98003D00D2DA}.Debug|AnyCPU.ActiveCfg = Debug|AnyCPU
		{302C6533-F2D9-4654-A403-98003D00D2DA}.Debug|AnyCPU.Build.0 = Debug|AnyCPU
		{302C6533-F2D9-4654-A403-98003D00D2DA}.Release|AnyCPU.ActiveCfg = Release|AnyCPU
		{302C6533-F2D9-4654-A403-98003D00D2DA}.Release|AnyCPU.Build.0 = Release|AnyCPU
		{627EB028-F6D2-41E7-82EB-5836D0941D5B}.Debug|AnyCPU.ActiveCfg = Debug|AnyCPU
		{627EB028-F6D2-41E7-82EB-5836D0941D5B}.Debug|AnyCPU.Build.0 = Debug|AnyCPU
		{627EB028-F6D2-41E7-82EB-5836D0941D5B}.Release|AnyCPU.ActiveCfg = Release|AnyCPU
		{627EB028-F6D2-41E7-82EB-5836D0941D5B}.Release|AnyCPU.Build.0 = Release|AnyCPU
		{252D3629-BE6B-45B5-82E1-FC345DFBD04B}.Debug|AnyCPU.ActiveCfg = Debug|AnyCPU
		{252D3629-BE6B-45B5-82E1-FC345DFBD04B}.Debug|AnyCPU.Build.0 = Debug|AnyCPU
		{252D3629-BE6B-45B5-82E1-FC345DFBD04B}.Release|AnyCPU.ActiveCfg = Release|AnyCPU
		{252D3629-BE6B-45B5-82E1-FC345DFBD04B}.Release|AnyCPU.Build.0 = Release|AnyCPU
		{50230E2B-F769-437B-9D8F-7E3210D105F9}.Debug|AnyCPU.ActiveCfg = Debug|AnyCPU
		{50230E2B-F769-437B-9D8F-7E3210D105F9}.Debug|AnyCPU.Build.0 = Debug|AnyCPU
		{50230E2B-F769-437B-9D8F-7E3210D105F9}.Release|AnyCPU.ActiveCfg = Release|AnyCPU
		{50230E2B-F769-437B-9D8F-7E3210D105F9}.Release|AnyCPU.Build.0 = Release|AnyCPU
		{F124829E-C16B-40DC-9D03-88358E129D2A}.Debug|AnyCPU.ActiveCfg = Debug|AnyCPU
		{F124829E-C16B-40DC-9D03-88358E129D2A}.Debug|AnyCPU.Build.0 = Debug|AnyCPU
		{F124829E-C16B-40DC-9D03-88358E129D2A}.Release|AnyCPU.ActiveCfg = Release|AnyCPU
		{F124829E-C16B-40DC-9D03-88358E129D2A}.Release|AnyCPU.Build.0 = Release|AnyCPU
		{8760398C-345D-4720-A961-5DA1B92531AE}.Debug|AnyCPU.ActiveCfg = Debug|AnyCPU
		{8760398C-345D-4720-A961-5DA1B92531AE}.Debug|AnyCPU.Build.0 = Debug|AnyCPU
		{8760398C-345D-4720-A961-5DA1B92531AE}.Release|AnyCPU.ActiveCfg = Release|AnyCPU
		{8760398C-345D-4720-A961-5DA1B92531AE}.Release|AnyCPU.Build.0 = Release|AnyCPU
		{F1FF66B1-0949-4C6B-BE22-91294831B710}.Debug|AnyCPU.ActiveCfg = Debug|AnyCPU
		{F1FF66B1-0949-4C6B-BE22-91294831B710}.Debug|AnyCPU.Build.0 = Debug|AnyCPU
		{F1FF66B1-0949-4C6B-BE22-91294831B710}.Release|AnyCPU.ActiveCfg = Release|AnyCPU
		{F1FF66B1-0949-4C6B-BE22-91294831B710}.Release|AnyCPU.Build.0 = Release|AnyCPU
		{98D22CB8-24BF-455F-9ED9-ED6096DF1D44}.Debug|AnyCPU.ActiveCfg = Debug|AnyCPU
		{98D22CB8-24BF-455F-9ED9-ED6096DF1D44}.Debug|AnyCPU.Build.0 = Debug|AnyCPU
		{98D22CB8-24BF-455F-9ED9-ED6096DF1D44}.Release|AnyCPU.ActiveCfg = Release|AnyCPU
		{98D22CB8-24BF-455F-9ED9-ED6096DF1D44}.Release|AnyCPU.Build.0 = Release|AnyCPU
		{77591088-6AF5-4F5D-BBD4-713C958E6C8A}.Debug|AnyCPU.ActiveCfg = Debug|AnyCPU
		{77591088-6AF5-4F5D-BBD4-713C958E6C8A}.Debug|AnyCPU.Build.0 = Debug|AnyCPU
		{77591088-6AF5-4F5D-BBD4-713C958E6C8A}.Release|AnyCPU.ActiveCfg = Release|AnyCPU
		{77591088-6AF5-4F5D-BBD4-713C958E6C8A}.Release|AnyCPU.Build.0 = Release|AnyCPU
		{1F0CFF4F-FD15-47BF-AE50-4A1BF4BA46E6}.Debug|AnyCPU.ActiveCfg = Debug|AnyCPU
		{1F0CFF4F-FD15-47BF-AE50-4A1BF4BA46E6}.Debug|AnyCPU.Build.0 = Debug|AnyCPU
		{1F0CFF4F-FD15-47BF-AE50-4A1BF4BA46E6}.Release|AnyCPU.ActiveCfg = Release|AnyCPU
		{1F0CFF4F-FD15-47BF-AE50-4A1BF4BA46E6}.Release|AnyCPU.Build.0 = Release|AnyCPU
		{409CA223-5A5C-4B5F-A1FA-C531C3D65051}.Debug|AnyCPU.ActiveCfg = Debug|AnyCPU
		{409CA223-5A5C-4B5F-A1FA-C531C3D65051}.Debug|AnyCPU.Build.0 = Debug|AnyCPU
		{409CA223-5A5C-4B5F-A1FA-C531C3D65051}.Release|AnyCPU.ActiveCfg = Release|AnyCPU
		{409CA223-5A5C-4B5F-A1FA-C531C3D65051}.Release|AnyCPU.Build.0 = Release|AnyCPU
		{68FA2C31-A7AF-4D33-BB80-EBCB543DF32B}.Debug|AnyCPU.ActiveCfg = Debug|AnyCPU
		{68FA2C31-A7AF-4D33-BB80-EBCB543DF32B}.Debug|AnyCPU.Build.0 = Debug|AnyCPU
		{68FA2C31-A7AF-4D33-BB80-EBCB543DF32B}.Release|AnyCPU.ActiveCfg = Release|AnyCPU
		{68FA2C31-A7AF-4D33-BB80-EBCB543DF32B}.Release|AnyCPU.Build.0 = Release|AnyCPU
		{E04ABECB-D53B-4FAB-8DF6-ACAD4BC000C8}.Debug|AnyCPU.ActiveCfg = Debug|AnyCPU
		{E04ABECB-D53B-4FAB-8DF6-ACAD4BC000C8}.Debug|AnyCPU.Build.0 = Debug|AnyCPU
		{E04ABECB-D53B-4FAB-8DF6-ACAD4BC000C8}.Release|AnyCPU.ActiveCfg = Release|AnyCPU
		{E04ABECB-D53B-4FAB-8DF6-ACAD4BC000C8}.Release|AnyCPU.Build.0 = Release|AnyCPU
		{D1898492-5A6D-402E-A779-70DF0C98DC57}.Debug|AnyCPU.ActiveCfg = Debug|AnyCPU
		{D1898492-5A6D-402E-A779-70DF0C98DC57}.Debug|AnyCPU.Build.0 = Debug|AnyCPU
		{D1898492-5A6D-402E-A779-70DF0C98DC57}.Release|AnyCPU.ActiveCfg = Release|AnyCPU
		{D1898492-5A6D-402E-A779-70DF0C98DC57}.Release|AnyCPU.Build.0 = Release|AnyCPU
		{B8E229CA-0622-4DA6-A74A-CF3E1F52DDA1}.Debug|AnyCPU.ActiveCfg = Debug|AnyCPU
		{B8E229CA-0622-4DA6-A74A-CF3E1F52DDA1}.Debug|AnyCPU.Build.0 = Debug|AnyCPU
		{B8E229CA-0622-4DA6-A74A-CF3E1F52DDA1}.Release|AnyCPU.ActiveCfg = Release|AnyCPU
		{B8E229CA-0622-4DA6-A74A-CF3E1F52DDA1}.Release|AnyCPU.Build.0 = Release|AnyCPU
		{781599B5-D555-4956-8600-1928700AE398}.Debug|AnyCPU.ActiveCfg = Debug|AnyCPU
		{781599B5-D555-4956-8600-1928700AE398}.Debug|AnyCPU.Build.0 = Debug|AnyCPU
		{781599B5-D555-4956-8600-1928700AE398}.Release|AnyCPU.ActiveCfg = Release|AnyCPU
		{781599B5-D555-4956-8600-1928700AE398}.Release|AnyCPU.Build.0 = Release|AnyCPU
		{959E9218-4CBB-4DD9-B21E-FAD7FEC23132}.Debug|AnyCPU.ActiveCfg = Debug|AnyCPU
		{959E9218-4CBB-4DD9-B21E-FAD7FEC23132}.Debug|AnyCPU.Build.0 = Debug|AnyCPU
		{959E9218-4CBB-4DD9-B21E-FAD7FEC23132}.Release|AnyCPU.ActiveCfg = Release|AnyCPU
		{959E9218-4CBB-4DD9-B21E-FAD7FEC23132}.Release|AnyCPU.Build.0 = Release|AnyCPU
		{6064CF32-9B6C-4472-8DC1-1365A31DE2B5}.Debug|AnyCPU.ActiveCfg = Debug|AnyCPU
		{6064CF32-9B6C-4472-8DC1-1365A31DE2B5}.Debug|AnyCPU.Build.0 = Debug|AnyCPU
		{6064CF32-9B6C-4472-8DC1-1365A31DE2B5}.Release|AnyCPU.ActiveCfg = Release|AnyCPU
		{6064CF32-9B6C-4472-8DC1-1365A31DE2B5}.Release|AnyCPU.Build.0 = Release|AnyCPU
		{C684CA78-5719-40BF-BC7D-F006E0016A8D}.Debug|AnyCPU.ActiveCfg = Debug|AnyCPU
		{C684CA78-5719-40BF-BC7D-F006E0016A8D}.Debug|AnyCPU.Build.0 = Debug|AnyCPU
		{C684CA78-5719-40BF-BC7D-F006E0016A8D}.Release|AnyCPU.ActiveCfg = Release|AnyCPU
		{C684CA78-5719-40BF-BC7D-F006E0016A8D}.Release|AnyCPU.Build.0 = Release|AnyCPU
		{5F430EDB-FF0F-4196-B2EF-77E2A445ADFF}.Debug|AnyCPU.ActiveCfg = Debug|AnyCPU
		{5F430EDB-FF0F-4196-B2EF-77E2A445ADFF}.Debug|AnyCPU.Build.0 = Debug|AnyCPU
		{5F430EDB-FF0F-4196-B2EF-77E2A445ADFF}.Release|AnyCPU.ActiveCfg = Release|AnyCPU
		{5F430EDB-FF0F-4196-B2EF-77E2A445ADFF}.Release|AnyCPU.Build.0 = Release|AnyCPU
		{08CE2C1F-C3EB-4894-805C-DCD8A9C1D270}.Debug|AnyCPU.ActiveCfg = Debug|AnyCPU
		{08CE2C1F-C3EB-4894-805C-DCD8A9C1D270}.Debug|AnyCPU.Build.0 = Debug|AnyCPU
		{08CE2C1F-C3EB-4894-805C-DCD8A9C1D270}.Release|AnyCPU.ActiveCfg = Release|AnyCPU
		{08CE2C1F-C3EB-4894-805C-DCD8A9C1D270}.Release|AnyCPU.Build.0 = Release|AnyCPU
		{27913909-4A6F-4484-A685-B3949861F121}.Debug|AnyCPU.ActiveCfg = Debug|AnyCPU
		{27913909-4A6F-4484-A685-B3949861F121}.Debug|AnyCPU.Build.0 = Debug|AnyCPU
		{27913909-4A6F-4484-A685-B3949861F121}.Release|AnyCPU.ActiveCfg = Release|AnyCPU
		{27913909-4A6F-4484-A685-B3949861F121}.Release|AnyCPU.Build.0 = Release|AnyCPU
		{0807C1BB-E783-4B54-9B0C-D988BC1B2234}.Debug|AnyCPU.ActiveCfg = Debug|AnyCPU
		{0807C1BB-E783-4B54-9B0C-D988BC1B2234}.Debug|AnyCPU.Build.0 = Debug|AnyCPU
		{0807C1BB-E783-4B54-9B0C-D988BC1B2234}.Release|AnyCPU.ActiveCfg = Release|AnyCPU
		{0807C1BB-E783-4B54-9B0C-D988BC1B2234}.Release|AnyCPU.Build.0 = Release|AnyCPU
		{5E8C9876-3CF0-403C-B250-36EC498EF1E3}.Debug|AnyCPU.ActiveCfg = Debug|AnyCPU
		{5E8C9876-3CF0-403C-B250-36EC498EF1E3}.Debug|AnyCPU.Build.0 = Debug|AnyCPU
		{5E8C9876-3CF0-403C-B250-36EC498EF1E3}.Release|AnyCPU.ActiveCfg = Release|AnyCPU
		{5E8C9876-3CF0-403C-B250-36EC498EF1E3}.Release|AnyCPU.Build.0 = Release|AnyCPU
		{26A0E929-4938-47F3-BFE5-D719FC4BBA07}.Debug|AnyCPU.ActiveCfg = Debug|AnyCPU
		{26A0E929-4938-47F3-BFE5-D719FC4BBA07}.Debug|AnyCPU.Build.0 = Debug|AnyCPU
		{26A0E929-4938-47F3-BFE5-D719FC4BBA07}.Release|AnyCPU.ActiveCfg = Release|AnyCPU
		{26A0E929-4938-47F3-BFE5-D719FC4BBA07}.Release|AnyCPU.Build.0 = Release|AnyCPU
		{79183ACA-B301-4591-B727-1B593BB61AAB}.Debug|AnyCPU.ActiveCfg = Debug|AnyCPU
		{79183ACA-B301-4591-B727-1B593BB61AAB}.Debug|AnyCPU.Build.0 = Debug|AnyCPU
		{79183ACA-B301-4591-B727-1B593BB61AAB}.Release|AnyCPU.ActiveCfg = Release|AnyCPU
		{79183ACA-B301-4591-B727-1B593BB61AAB}.Release|AnyCPU.Build.0 = Release|AnyCPU
		{754427C1-7C51-44B3-9CA5-63BF3D2CE3EC}.Debug|AnyCPU.ActiveCfg = Debug|AnyCPU
		{754427C1-7C51-44B3-9CA5-63BF3D2CE3EC}.Debug|AnyCPU.Build.0 = Debug|AnyCPU
		{754427C1-7C51-44B3-9CA5-63BF3D2CE3EC}.Release|AnyCPU.ActiveCfg = Release|AnyCPU
		{754427C1-7C51-44B3-9CA5-63BF3D2CE3EC}.Release|AnyCPU.Build.0 = Release|AnyCPU
		{F548274D-131D-470E-930B-E0D96C4D7662}.Debug|AnyCPU.ActiveCfg = Debug|AnyCPU
		{F548274D-131D-470E-930B-E0D96C4D7662}.Debug|AnyCPU.Build.0 = Debug|AnyCPU
		{F548274D-131D-470E-930B-E0D96C4D7662}.Release|AnyCPU.ActiveCfg = Release|AnyCPU
		{F548274D-131D-470E-930B-E0D96C4D7662}.Release|AnyCPU.Build.0 = Release|AnyCPU
		{3BADA9C1-2FF4-4C70-BC43-C5D242340D93}.Debug|AnyCPU.ActiveCfg = Debug|AnyCPU
		{3BADA9C1-2FF4-4C70-BC43-C5D242340D93}.Debug|AnyCPU.Build.0 = Debug|AnyCPU
		{3BADA9C1-2FF4-4C70-BC43-C5D242340D93}.Release|AnyCPU.ActiveCfg = Release|AnyCPU
		{3BADA9C1-2FF4-4C70-BC43-C5D242340D93}.Release|AnyCPU.Build.0 = Release|AnyCPU
		{D6EF6F5E-46E1-4F5E-97E1-36F14D205A60}.Debug|AnyCPU.ActiveCfg = Debug|AnyCPU
		{D6EF6F5E-46E1-4F5E-97E1-36F14D205A60}.Debug|AnyCPU.Build.0 = Debug|AnyCPU
		{D6EF6F5E-46E1-4F5E-97E1-36F14D205A60}.Release|AnyCPU.ActiveCfg = Release|AnyCPU
		{D6EF6F5E-46E1-4F5E-97E1-36F14D205A60}.Release|AnyCPU.Build.0 = Release|AnyCPU
		{4FCC8613-E120-4C0C-8F44-169984343E94}.Debug|AnyCPU.ActiveCfg = Debug|AnyCPU
		{4FCC8613-E120-4C0C-8F44-169984343E94}.Debug|AnyCPU.Build.0 = Debug|AnyCPU
		{4FCC8613-E120-4C0C-8F44-169984343E94}.Release|AnyCPU.ActiveCfg = Release|AnyCPU
		{4FCC8613-E120-4C0C-8F44-169984343E94}.Release|AnyCPU.Build.0 = Release|AnyCPU
		{6C1C2E85-2288-44BD-BA80-200DF7CB37F0}.Debug|AnyCPU.ActiveCfg = Debug|AnyCPU
		{6C1C2E85-2288-44BD-BA80-200DF7CB37F0}.Debug|AnyCPU.Build.0 = Debug|AnyCPU
		{6C1C2E85-2288-44BD-BA80-200DF7CB37F0}.Release|AnyCPU.ActiveCfg = Release|AnyCPU
		{6C1C2E85-2288-44BD-BA80-200DF7CB37F0}.Release|AnyCPU.Build.0 = Release|AnyCPU
		{E4FADAE0-2297-4795-B75E-F105D9B2757E}.Debug|AnyCPU.ActiveCfg = Debug|AnyCPU
		{E4FADAE0-2297-4795-B75E-F105D9B2757E}.Debug|AnyCPU.Build.0 = Debug|AnyCPU
		{E4FADAE0-2297-4795-B75E-F105D9B2757E}.Release|AnyCPU.ActiveCfg = Release|AnyCPU
		{E4FADAE0-2297-4795-B75E-F105D9B2757E}.Release|AnyCPU.Build.0 = Release|AnyCPU
		{5B7D2690-B9E0-4644-AD4D-A5F6F48C639F}.Debug|AnyCPU.ActiveCfg = Debug|AnyCPU
		{5B7D2690-B9E0-4644-AD4D-A5F6F48C639F}.Debug|AnyCPU.Build.0 = Debug|AnyCPU
		{5B7D2690-B9E0-4644-AD4D-A5F6F48C639F}.Release|AnyCPU.ActiveCfg = Release|AnyCPU
		{5B7D2690-B9E0-4644-AD4D-A5F6F48C639F}.Release|AnyCPU.Build.0 = Release|AnyCPU
		{7AEC2F03-D491-4334-9D32-AC1A5F871B65}.Debug|AnyCPU.ActiveCfg = Debug|AnyCPU
		{7AEC2F03-D491-4334-9D32-AC1A5F871B65}.Debug|AnyCPU.Build.0 = Debug|AnyCPU
		{7AEC2F03-D491-4334-9D32-AC1A5F871B65}.Release|AnyCPU.ActiveCfg = Release|AnyCPU
		{7AEC2F03-D491-4334-9D32-AC1A5F871B65}.Release|AnyCPU.Build.0 = Release|AnyCPU
		{C8614E89-6A3F-4768-9F39-1148C7DAC804}.Debug|AnyCPU.ActiveCfg = Debug|AnyCPU
		{C8614E89-6A3F-4768-9F39-1148C7DAC804}.Debug|AnyCPU.Build.0 = Debug|AnyCPU
		{C8614E89-6A3F-4768-9F39-1148C7DAC804}.Release|AnyCPU.ActiveCfg = Release|AnyCPU
		{C8614E89-6A3F-4768-9F39-1148C7DAC804}.Release|AnyCPU.Build.0 = Release|AnyCPU
		{A5E17C5F-9E92-4A25-A4B7-F7BF518A3A85}.Debug|AnyCPU.ActiveCfg = Debug|AnyCPU
		{A5E17C5F-9E92-4A25-A4B7-F7BF518A3A85}.Debug|AnyCPU.Build.0 = Debug|AnyCPU
		{A5E17C5F-9E92-4A25-A4B7-F7BF518A3A85}.Release|AnyCPU.ActiveCfg = Release|AnyCPU
		{A5E17C5F-9E92-4A25-A4B7-F7BF518A3A85}.Release|AnyCPU.Build.0 = Release|AnyCPU
		{5A232EF6-4FC1-40EE-9D0A-8481C4B9CC2B}.Debug|AnyCPU.ActiveCfg = Debug|AnyCPU
		{5A232EF6-4FC1-40EE-9D0A-8481C4B9CC2B}.Debug|AnyCPU.Build.0 = Debug|AnyCPU
		{5A232EF6-4FC1-40EE-9D0A-8481C4B9CC2B}.Release|AnyCPU.ActiveCfg = Release|AnyCPU
		{5A232EF6-4FC1-40EE-9D0A-8481C4B9CC2B}.Release|AnyCPU.Build.0 = Release|AnyCPU
		{2AC125CA-FA10-4BC8-890B-1AAA9DDF4076}.Debug|AnyCPU.ActiveCfg = Debug|AnyCPU
		{2AC125CA-FA10-4BC8-890B-1AAA9DDF4076}.Debug|AnyCPU.Build.0 = Debug|AnyCPU
		{2AC125CA-FA10-4BC8-890B-1AAA9DDF4076}.Release|AnyCPU.ActiveCfg = Release|AnyCPU
		{2AC125CA-FA10-4BC8-890B-1AAA9DDF4076}.Release|AnyCPU.Build.0 = Release|AnyCPU
		{90117A5A-6090-4656-8A46-7ABD51C1B3A4}.Debug|AnyCPU.ActiveCfg = Debug|AnyCPU
		{90117A5A-6090-4656-8A46-7ABD51C1B3A4}.Debug|AnyCPU.Build.0 = Debug|AnyCPU
		{90117A5A-6090-4656-8A46-7ABD51C1B3A4}.Release|AnyCPU.ActiveCfg = Release|AnyCPU
		{90117A5A-6090-4656-8A46-7ABD51C1B3A4}.Release|AnyCPU.Build.0 = Release|AnyCPU
		{769948C4-4CD1-4794-BC03-CC979F5B140C}.Debug|AnyCPU.ActiveCfg = Debug|AnyCPU
		{769948C4-4CD1-4794-BC03-CC979F5B140C}.Debug|AnyCPU.Build.0 = Debug|AnyCPU
		{769948C4-4CD1-4794-BC03-CC979F5B140C}.Release|AnyCPU.ActiveCfg = Release|AnyCPU
		{769948C4-4CD1-4794-BC03-CC979F5B140C}.Release|AnyCPU.Build.0 = Release|AnyCPU
		{9E6D2FE5-0275-4913-BE00-8CA18A6EB68A}.Debug|AnyCPU.ActiveCfg = Debug|AnyCPU
		{9E6D2FE5-0275-4913-BE00-8CA18A6EB68A}.Debug|AnyCPU.Build.0 = Debug|AnyCPU
		{9E6D2FE5-0275-4913-BE00-8CA18A6EB68A}.Release|AnyCPU.ActiveCfg = Release|AnyCPU
		{9E6D2FE5-0275-4913-BE00-8CA18A6EB68A}.Release|AnyCPU.Build.0 = Release|AnyCPU
		{E6F64D8F-B0BE-41CB-989D-0274A2B6975C}.Debug|AnyCPU.ActiveCfg = Debug|AnyCPU
		{E6F64D8F-B0BE-41CB-989D-0274A2B6975C}.Debug|AnyCPU.Build.0 = Debug|AnyCPU
		{E6F64D8F-B0BE-41CB-989D-0274A2B6975C}.Release|AnyCPU.ActiveCfg = Release|AnyCPU
		{E6F64D8F-B0BE-41CB-989D-0274A2B6975C}.Release|AnyCPU.Build.0 = Release|AnyCPU
		{E9D3ABC0-61D2-4BFD-A2CC-F8AF3636722F}.Debug|AnyCPU.ActiveCfg = Debug|AnyCPU
		{E9D3ABC0-61D2-4BFD-A2CC-F8AF3636722F}.Debug|AnyCPU.Build.0 = Debug|AnyCPU
		{E9D3ABC0-61D2-4BFD-A2CC-F8AF3636722F}.Release|AnyCPU.ActiveCfg = Release|AnyCPU
		{E9D3ABC0-61D2-4BFD-A2CC-F8AF3636722F}.Release|AnyCPU.Build.0 = Release|AnyCPU
	EndGlobalSection
	GlobalSection(SolutionProperties) = preSolution
		HideSolutionNode = FALSE
	EndGlobalSection
EndGlobal
