Microsoft Visual Studio Solution File, Format Version 12.00
# Visual Studio 14
VisualStudioVersion = 14.0.24720.0
MinimumVisualStudioVersion = 10.0.40219.1
Project("{FAE04EC0-301F-11D3-BF4B-00C04F79EFBC}") = "Assembly-CSharp", "Assembly-CSharp\Assembly-CSharp.csproj", "{8FA797EA-4681-48BD-9A43-4DB1708DE8CA}"
EndProject
Project("{FAE04EC0-301F-11D3-BF4B-00C04F79EFBC}") = "Assembly-CSharp-firstpass", "Assembly-CSharp-firstpass\Assembly-CSharp-firstpass.csproj", "{CC756454-C05A-4D77-A0E1-F5DDDDCC4A08}"
EndProject
Project("{FAE04EC0-301F-11D3-BF4B-00C04F79EFBC}") = "Autodesk.Fbx", "Autodesk.Fbx\Autodesk.Fbx.csproj", "{BD08710B-CCC1-45D3-996F-26AE84292697}"
EndProject
Project("{FAE04EC0-301F-11D3-BF4B-00C04F79EFBC}") = "Blueprints.FileDatabaseClientData", "Blueprints.FileDatabaseClientData\Blueprints.FileDatabaseClientData.csproj", "{96537F3B-D7FC-4DE3-B537-555EC3C8D854}"
EndProject
Project("{FAE04EC0-301F-11D3-BF4B-00C04F79EFBC}") = "BuildMode", "BuildMode\BuildMode.csproj", "{740E02EA-0CA7-4F65-8913-9D93F86D8CF4}"
EndProject
Project("{FAE04EC0-301F-11D3-BF4B-00C04F79EFBC}") = "BundlesBaseTypes", "BundlesBaseTypes\BundlesBaseTypes.csproj", "{0DFA03D9-6E24-4B51-BF1F-4761701227CE}"
EndProject
Project("{FAE04EC0-301F-11D3-BF4B-00C04F79EFBC}") = "CircularBuffer", "CircularBuffer\CircularBuffer.csproj", "{7ED12908-4076-472C-9740-565D7AF5E5AA}"
EndProject
Project("{FAE04EC0-301F-11D3-BF4B-00C04F79EFBC}") = "Code", "Code\Code.csproj", "{372EDC48-7AEF-4F05-B003-0B58E9CBA1C7}"
EndProject
Project("{FAE04EC0-301F-11D3-BF4B-00C04F79EFBC}") = "ContextData", "ContextData\ContextData.csproj", "{7A1DFD93-D42A-40A4-A5C7-D37DF5FF5E4B}"
EndProject
Project("{FAE04EC0-301F-11D3-BF4B-00C04F79EFBC}") = "Core.Async", "Core.Async\Core.Async.csproj", "{0A904604-19AD-412A-AD95-7DAB74B4E4D7}"
EndProject
Project("{FAE04EC0-301F-11D3-BF4B-00C04F79EFBC}") = "Core.Cheats.Attribute", "Core.Cheats.Attribute\Core.Cheats.Attribute.csproj", "{8FEFA549-3D16-4777-83ED-B25F8512533B}"
EndProject
Project("{FAE04EC0-301F-11D3-BF4B-00C04F79EFBC}") = "Core.Cheats", "Core.Cheats\Core.Cheats.csproj", "{05FF6BF7-74B4-4F2D-B15E-95831CDB3375}"
EndProject
Project("{FAE04EC0-301F-11D3-BF4B-00C04F79EFBC}") = "Core.Console", "Core.Console\Core.Console.csproj", "{C1884BBD-B44E-482D-B661-9B94905EE532}"
EndProject
Project("{FAE04EC0-301F-11D3-BF4B-00C04F79EFBC}") = "Core.Overlays", "Core.Overlays\Core.Overlays.csproj", "{A78D7854-93F9-4830-A396-A66DFDB277F3}"
EndProject
Project("{FAE04EC0-301F-11D3-BF4B-00C04F79EFBC}") = "Core.Reflection", "Core.Reflection\Core.Reflection.csproj", "{4A980217-7245-4D25-AC32-8883E6B96D3A}"
EndProject
Project("{FAE04EC0-301F-11D3-BF4B-00C04F79EFBC}") = "Core.RestServer.Client", "Core.RestServer.Client\Core.RestServer.Client.csproj", "{5B9FD765-16EA-4E90-88C0-45F5ED70A783}"
EndProject
Project("{FAE04EC0-301F-11D3-BF4B-00C04F79EFBC}") = "Core.RestServer.Common", "Core.RestServer.Common\Core.RestServer.Common.csproj", "{84705822-842E-4F3E-AA9A-EDE3E9DAE82C}"
EndProject
Project("{FAE04EC0-301F-11D3-BF4B-00C04F79EFBC}") = "Core.RestServer", "Core.RestServer\Core.RestServer.csproj", "{BE3655B4-9B2D-4A9C-854A-2393FAA709F8}"
EndProject
Project("{FAE04EC0-301F-11D3-BF4B-00C04F79EFBC}") = "Core.StateCrawler", "Core.StateCrawler\Core.StateCrawler.csproj", "{761DF6F7-D0BD-4717-8EA7-326D82A575F8}"
EndProject
Project("{FAE04EC0-301F-11D3-BF4B-00C04F79EFBC}") = "CountingGuard", "CountingGuard\CountingGuard.csproj", "{443971A5-C2EF-4DE3-9CAF-3A135B2215F3}"
EndProject
Project("{FAE04EC0-301F-11D3-BF4B-00C04F79EFBC}") = "GeometryExtensions", "GeometryExtensions\GeometryExtensions.csproj", "{F8376E18-50C3-4A7A-8231-125F51A0434A}"
EndProject
Project("{FAE04EC0-301F-11D3-BF4B-00C04F79EFBC}") = "GuidUtility", "GuidUtility\GuidUtility.csproj", "{A0F62E98-3D9F-48F9-A268-9BB0BBEE0117}"
EndProject
Project("{FAE04EC0-301F-11D3-BF4B-00C04F79EFBC}") = "Kingmaker.Blueprints.Hack", "Kingmaker.Blueprints.Hack\Kingmaker.Blueprints.Hack.csproj", "{D7ED2524-DDEF-469E-B554-B877368CEBDE}"
EndProject
Project("{FAE04EC0-301F-11D3-BF4B-00C04F79EFBC}") = "Kingmaker.Blueprints.JsonSystem.EditorDatabase.FileDatabaseClient", "Kingmaker.Blueprints.JsonSystem.EditorDatabase.FileDatabaseClient\Kingmaker.Blueprints.JsonSystem.EditorDatabase.FileDatabaseClient.csproj", "{9619E26B-BCA0-4305-A1F1-D90B6136BF92}"
EndProject
Project("{FAE04EC0-301F-11D3-BF4B-00C04F79EFBC}") = "Kingmaker.Blueprints.JsonSystem.Hepers", "Kingmaker.Blueprints.JsonSystem.Hepers\Kingmaker.Blueprints.JsonSystem.Hepers.csproj", "{78D41FAF-3A53-4131-8AA8-54D182AEDD05}"
EndProject
Project("{FAE04EC0-301F-11D3-BF4B-00C04F79EFBC}") = "Kingmaker.Blueprints.OverridesManager", "Kingmaker.Blueprints.OverridesManager\Kingmaker.Blueprints.OverridesManager.csproj", "{B798AEB1-861A-419A-931D-6EA16BBBDE8D}"
EndProject
Project("{FAE04EC0-301F-11D3-BF4B-00C04F79EFBC}") = "Kingmaker.Controllers.Enums", "Kingmaker.Controllers.Enums\Kingmaker.Controllers.Enums.csproj", "{5BB43C5B-F9E7-4742-A131-4249C25A0690}"
EndProject
Project("{FAE04EC0-301F-11D3-BF4B-00C04F79EFBC}") = "Kingmaker.Controllers.Interfaces", "Kingmaker.Controllers.Interfaces\Kingmaker.Controllers.Interfaces.csproj", "{0E41094A-B945-4B7A-B08E-654B5210531A}"
EndProject
Project("{FAE04EC0-301F-11D3-BF4B-00C04F79EFBC}") = "Kingmaker.EntitySystem.Stats.Base", "Kingmaker.EntitySystem.Stats.Base\Kingmaker.EntitySystem.Stats.Base.csproj", "{BEC7FDA7-3D64-433D-BA02-1AD61A2CBCD8}"
EndProject
Project("{FAE04EC0-301F-11D3-BF4B-00C04F79EFBC}") = "Kingmaker.Enums.Damage", "Kingmaker.Enums.Damage\Kingmaker.Enums.Damage.csproj", "{B92A764E-FEA2-4B5F-A536-BABBC11EAAB7}"
EndProject
Project("{FAE04EC0-301F-11D3-BF4B-00C04F79EFBC}") = "Kingmaker.GameInfo", "Kingmaker.GameInfo\Kingmaker.GameInfo.csproj", "{7602CC67-0658-48CF-B6CA-A2BA1303A374}"
EndProject
Project("{FAE04EC0-301F-11D3-BF4B-00C04F79EFBC}") = "Kingmaker.Localization.Enums", "Kingmaker.Localization.Enums\Kingmaker.Localization.Enums.csproj", "{631E2AFB-08B7-45A5-B9F0-A4B2EDC49F1E}"
EndProject
Project("{FAE04EC0-301F-11D3-BF4B-00C04F79EFBC}") = "Kingmaker.PubSubSystem.Core.Interfaces", "Kingmaker.PubSubSystem.Core.Interfaces\Kingmaker.PubSubSystem.Core.Interfaces.csproj", "{FF3465A3-05D0-4565-BCB6-310D30035BE9}"
EndProject
Project("{FAE04EC0-301F-11D3-BF4B-00C04F79EFBC}") = "Kingmaker.ResourceLinks.BaseInterfaces", "Kingmaker.ResourceLinks.BaseInterfaces\Kingmaker.ResourceLinks.BaseInterfaces.csproj", "{98D38F24-D36F-454F-AEE2-42A9B650D9D2}"
EndProject
Project("{FAE04EC0-301F-11D3-BF4B-00C04F79EFBC}") = "Kingmaker.ResourceReplacementProvider", "Kingmaker.ResourceReplacementProvider\Kingmaker.ResourceReplacementProvider.csproj", "{6CC53952-4E0E-4DF8-8F0C-7092730D0126}"
EndProject
Project("{FAE04EC0-301F-11D3-BF4B-00C04F79EFBC}") = "Kingmaker.RuleSystem.Enum", "Kingmaker.RuleSystem.Enum\Kingmaker.RuleSystem.Enum.csproj", "{3AAA72C7-4BD6-4471-A681-BC9B01D7F6E4}"
EndProject
Project("{FAE04EC0-301F-11D3-BF4B-00C04F79EFBC}") = "Kingmaker.RuleSystem.Rules.Interfaces", "Kingmaker.RuleSystem.Rules.Interfaces\Kingmaker.RuleSystem.Rules.Interfaces.csproj", "{FF1EF2CA-0669-4534-9867-6A96B915FA0E}"
EndProject
Project("{FAE04EC0-301F-11D3-BF4B-00C04F79EFBC}") = "Kingmaker.Settings.ConstructionHelpers.KeyPrefix", "Kingmaker.Settings.ConstructionHelpers.KeyPrefix\Kingmaker.Settings.ConstructionHelpers.KeyPrefix.csproj", "{6F19BA56-0006-4405-BC14-8D4CCF6263F7}"
EndProject
Project("{FAE04EC0-301F-11D3-BF4B-00C04F79EFBC}") = "Kingmaker.Settings.Interfaces", "Kingmaker.Settings.Interfaces\Kingmaker.Settings.Interfaces.csproj", "{9DCB0D7B-C945-4406-8EE1-E3837A75670F}"
EndProject
Project("{FAE04EC0-301F-11D3-BF4B-00C04F79EFBC}") = "Kingmaker.Sound.Base", "Kingmaker.Sound.Base\Kingmaker.Sound.Base.csproj", "{4A4AB38E-2CE0-4C9C-9F00-DB5133FFAEE8}"
EndProject
Project("{FAE04EC0-301F-11D3-BF4B-00C04F79EFBC}") = "Kingmaker.Stores.DlcInterfaces", "Kingmaker.Stores.DlcInterfaces\Kingmaker.Stores.DlcInterfaces.csproj", "{A7C1F51E-DD74-4E5C-91D2-CADC6BCE19D0}"
EndProject
Project("{FAE04EC0-301F-11D3-BF4B-00C04F79EFBC}") = "Kingmaker.Stores", "Kingmaker.Stores\Kingmaker.Stores.csproj", "{FDD5BB67-C686-44F3-8455-37FE4E703D06}"
EndProject
Project("{FAE04EC0-301F-11D3-BF4B-00C04F79EFBC}") = "Kingmaker.TextTools.Base", "Kingmaker.TextTools.Base\Kingmaker.TextTools.Base.csproj", "{E6079E75-B27E-4C72-A6E8-E759442D5E85}"
EndProject
Project("{FAE04EC0-301F-11D3-BF4B-00C04F79EFBC}") = "Kingmaker.TextTools.Core", "Kingmaker.TextTools.Core\Kingmaker.TextTools.Core.csproj", "{C832B702-23A4-4E18-B38B-B6C69C4B0AB9}"
EndProject
Project("{FAE04EC0-301F-11D3-BF4B-00C04F79EFBC}") = "Kingmaker.UI.InputSystems.Enums", "Kingmaker.UI.InputSystems.Enums\Kingmaker.UI.InputSystems.Enums.csproj", "{F05C4201-C3F5-459E-A7B8-2E73E4708217}"
EndProject
Project("{FAE04EC0-301F-11D3-BF4B-00C04F79EFBC}") = "Kingmaker.UnitLogic.Enums", "Kingmaker.UnitLogic.Enums\Kingmaker.UnitLogic.Enums.csproj", "{175FBA31-05B6-401B-97BE-0856935A3004}"
EndProject
Project("{FAE04EC0-301F-11D3-BF4B-00C04F79EFBC}") = "Kingmaker.UnitLogic.Mechanics.Facts.Interfaces", "Kingmaker.UnitLogic.Mechanics.Facts.Interfaces\Kingmaker.UnitLogic.Mechanics.Facts.Interfaces.csproj", "{0678E962-2E88-4A3C-9585-18FB2FCDF1B0}"
EndProject
Project("{FAE04EC0-301F-11D3-BF4B-00C04F79EFBC}") = "Kingmaker.Utility.Enums", "Kingmaker.Utility.Enums\Kingmaker.Utility.Enums.csproj", "{D3D24545-4A2B-45ED-83CE-F956EBD4A244}"
EndProject
Project("{FAE04EC0-301F-11D3-BF4B-00C04F79EFBC}") = "Kingmaker.Utility.FlagCountable", "Kingmaker.Utility.FlagCountable\Kingmaker.Utility.FlagCountable.csproj", "{1F1E1034-F66C-4F86-B092-185DCF40492C}"
EndProject
Project("{FAE04EC0-301F-11D3-BF4B-00C04F79EFBC}") = "Kingmaker.Utility.Fsm", "Kingmaker.Utility.Fsm\Kingmaker.Utility.Fsm.csproj", "{6CF1EC6C-B034-4943-809C-434EC397C6F7}"
EndProject
Project("{FAE04EC0-301F-11D3-BF4B-00C04F79EFBC}") = "Kingmaker.Utility.Random", "Kingmaker.Utility.Random\Kingmaker.Utility.Random.csproj", "{07D5D59A-7512-4F92-B0AA-6FE679116214}"
EndProject
Project("{FAE04EC0-301F-11D3-BF4B-00C04F79EFBC}") = "Kingmaker.Visual.Animation.GraphVisualizerClient", "Kingmaker.Visual.Animation.GraphVisualizerClient\Kingmaker.Visual.Animation.GraphVisualizerClient.csproj", "{62D732EB-EC5C-484F-A121-1E8337B89C52}"
EndProject
Project("{FAE04EC0-301F-11D3-BF4B-00C04F79EFBC}") = "Kingmaker.Visual.Base", "Kingmaker.Visual.Base\Kingmaker.Visual.Base.csproj", "{E5D782C3-486F-45E6-9508-E1941E470DFF}"
EndProject
Project("{FAE04EC0-301F-11D3-BF4B-00C04F79EFBC}") = "Kingmaker.Visual.HitSystem.Base", "Kingmaker.Visual.HitSystem.Base\Kingmaker.Visual.HitSystem.Base.csproj", "{54B0A02C-2D32-49F5-9699-CE4BEDC407BC}"
EndProject
Project("{FAE04EC0-301F-11D3-BF4B-00C04F79EFBC}") = "Kingmaker.Visual.Particles.GameObjectsPooling", "Kingmaker.Visual.Particles.GameObjectsPooling\Kingmaker.Visual.Particles.GameObjectsPooling.csproj", "{BF870C6D-9FAB-469A-9C18-F64F469AD144}"
EndProject
Project("{FAE04EC0-301F-11D3-BF4B-00C04F79EFBC}") = "LocalizationShared", "LocalizationShared\LocalizationShared.csproj", "{05A9DFDF-2A5B-4832-9C6B-7DEB2302FDE0}"
EndProject
Project("{FAE04EC0-301F-11D3-BF4B-00C04F79EFBC}") = "Owlcat.Runtime.Core", "Owlcat.Runtime.Core\Owlcat.Runtime.Core.csproj", "{6AD619A1-84BE-4CC0-9B73-8FE53FA358C6}"
EndProject
Project("{FAE04EC0-301F-11D3-BF4B-00C04F79EFBC}") = "Owlcat.Runtime.Validation", "Owlcat.Runtime.Validation\Owlcat.Runtime.Validation.csproj", "{C5D38051-7B9B-4C22-B5CB-5D44B2B886E5}"
EndProject
Project("{FAE04EC0-301F-11D3-BF4B-00C04F79EFBC}") = "Owlcat.Runtime.Visual", "Owlcat.Runtime.Visual\Owlcat.Runtime.Visual.csproj", "{557E0061-492F-4FBE-A992-EB2DA9F428F5}"
EndProject
Project("{FAE04EC0-301F-11D3-BF4B-00C04F79EFBC}") = "Owlcat.ShaderLibrary.Visual", "Owlcat.ShaderLibrary.Visual\Owlcat.ShaderLibrary.Visual.csproj", "{8092AF44-AF6A-4096-8C00-5CB035B68042}"
EndProject
Project("{FAE04EC0-301F-11D3-BF4B-00C04F79EFBC}") = "Owlcat.Shaders.Visual", "Owlcat.Shaders.Visual\Owlcat.Shaders.Visual.csproj", "{2496E604-A2F0-40B5-8EE7-8338D26711D7}"
EndProject
Project("{FAE04EC0-301F-11D3-BF4B-00C04F79EFBC}") = "Owlcat.UI", "Owlcat.UI\Owlcat.UI.csproj", "{B0E6715C-C797-499A-A056-37B8DF4279A9}"
EndProject
Project("{FAE04EC0-301F-11D3-BF4B-00C04F79EFBC}") = "Owlcat.UI.Controls", "Owlcat.UI.Controls\Owlcat.UI.Controls.csproj", "{DFB3EA51-44E4-42AD-8C0F-C5DE04A5D1D4}"
EndProject
Project("{FAE04EC0-301F-11D3-BF4B-00C04F79EFBC}") = "Owlcat.UI.DH", "Owlcat.UI.DH\Owlcat.UI.DH.csproj", "{FD51AB7E-6D14-416C-9154-E1583E7E9486}"
EndProject
Project("{FAE04EC0-301F-11D3-BF4B-00C04F79EFBC}") = "PFlog", "PFlog\PFlog.csproj", "{890C84B9-A272-4F2C-ABB9-EAA2BA2C7FDB}"
EndProject
Project("{FAE04EC0-301F-11D3-BF4B-00C04F79EFBC}") = "ReplayLog", "ReplayLog\ReplayLog.csproj", "{55FE3341-A44F-463B-9961-66AB61B61608}"
EndProject
Project("{FAE04EC0-301F-11D3-BF4B-00C04F79EFBC}") = "RogueTrader.Code.ShaderConsts", "RogueTrader.Code.ShaderConsts\RogueTrader.Code.ShaderConsts.csproj", "{D40B2855-E5DE-42CE-A993-120A6828D141}"
EndProject
Project("{FAE04EC0-301F-11D3-BF4B-00C04F79EFBC}") = "RogueTrader.QA.QAModeExceptionEvents", "RogueTrader.QA.QAModeExceptionEvents\RogueTrader.QA.QAModeExceptionEvents.csproj", "{C59A3955-DC44-481F-9B38-0FA2CCC6CAF9}"
EndProject
Project("{FAE04EC0-301F-11D3-BF4B-00C04F79EFBC}") = "RogueTrader.SharedTypes", "RogueTrader.SharedTypes\RogueTrader.SharedTypes.csproj", "{35FCF62E-0AB3-487F-8355-EA663EFBD02D}"
EndProject
Project("{FAE04EC0-301F-11D3-BF4B-00C04F79EFBC}") = "StatefulRandom", "StatefulRandom\StatefulRandom.csproj", "{18F30A3B-EA50-46F5-8866-6F9E89A3CF3A}"
EndProject
Project("{FAE04EC0-301F-11D3-BF4B-00C04F79EFBC}") = "StateHasher", "StateHasher\StateHasher.csproj", "{E0023973-CF81-43C7-967F-0B79F4B3E524}"
EndProject
Project("{FAE04EC0-301F-11D3-BF4B-00C04F79EFBC}") = "Utility.CodeTimer", "Utility.CodeTimer\Utility.CodeTimer.csproj", "{785B6A06-2F94-4314-AE24-F93F12DB7687}"
EndProject
Project("{FAE04EC0-301F-11D3-BF4B-00C04F79EFBC}") = "Utility.CommandLineArguments", "Utility.CommandLineArguments\Utility.CommandLineArguments.csproj", "{AC855A1B-9CEE-4E92-B90C-4D0D39BDFCEC}"
EndProject
Project("{FAE04EC0-301F-11D3-BF4B-00C04F79EFBC}") = "Utility.DisposableExtension", "Utility.DisposableExtension\Utility.DisposableExtension.csproj", "{9A304267-01FA-4F59-8126-EBE181D09611}"
EndProject
Project("{FAE04EC0-301F-11D3-BF4B-00C04F79EFBC}") = "Utility.DotNetExtensions", "Utility.DotNetExtensions\Utility.DotNetExtensions.csproj", "{9F0EC537-B2AD-47A6-81BC-A2ECBE1CC117}"
EndProject
Project("{FAE04EC0-301F-11D3-BF4B-00C04F79EFBC}") = "Utility.ExtendedModInfo", "Utility.ExtendedModInfo\Utility.ExtendedModInfo.csproj", "{9BC0B5EC-1CF5-48D3-9575-F920255387FA}"
EndProject
Project("{FAE04EC0-301F-11D3-BF4B-00C04F79EFBC}") = "Utility.GameConsts", "Utility.GameConsts\Utility.GameConsts.csproj", "{CACD7EB8-FDBC-44C0-B48A-22BE3460F9AB}"
EndProject
Project("{FAE04EC0-301F-11D3-BF4B-00C04F79EFBC}") = "Utility.ModsInfo", "Utility.ModsInfo\Utility.ModsInfo.csproj", "{DD9A1F38-774E-4F77-9CC2-EDCB9307311A}"
EndProject
Project("{FAE04EC0-301F-11D3-BF4B-00C04F79EFBC}") = "Utility.Reporting.Base", "Utility.Reporting.Base\Utility.Reporting.Base.csproj", "{ED7249CA-EE40-4666-AF65-D6A80A4A3A3E}"
EndProject
Project("{FAE04EC0-301F-11D3-BF4B-00C04F79EFBC}") = "Utility.Rounds", "Utility.Rounds\Utility.Rounds.csproj", "{B2F2F6F6-68CA-4A8B-AF5B-043AF149B399}"
EndProject
Project("{FAE04EC0-301F-11D3-BF4B-00C04F79EFBC}") = "Utility.UnityExtensions", "Utility.UnityExtensions\Utility.UnityExtensions.csproj", "{FFDD3C34-3CA7-4B3C-9F1F-AB1314F7EC40}"
EndProject
Project("{FAE04EC0-301F-11D3-BF4B-00C04F79EFBC}") = "UtilityAttributes", "UtilityAttributes\UtilityAttributes.csproj", "{0374933D-9008-4A72-B9B7-1BB3E4D8DF9C}"
EndProject
Project("{FAE04EC0-301F-11D3-BF4B-00C04F79EFBC}") = "unity-ui-extensions", "unity-ui-extensions\unity-ui-extensions.csproj", "{94A107D9-CDD5-4F67-8B51-5C2FB1F1A61C}"
EndProject
Project("{FAE04EC0-301F-11D3-BF4B-00C04F79EFBC}") = "UIDataProvider", "UIDataProvider\UIDataProvider.csproj", "{8843F441-905F-4834-A876-E98ADA133C56}"
EndProject
Project("{FAE04EC0-301F-11D3-BF4B-00C04F79EFBC}") = "ObservableCollections", "ObservableCollections\ObservableCollections.csproj", "{FC89F4DA-D153-479F-8490-9B04C2055302}"
EndProject
Project("{FAE04EC0-301F-11D3-BF4B-00C04F79EFBC}") = "UnityModManagerBridge", "UnityModManagerBridge\UnityModManagerBridge.csproj", "{F86A68C6-DA66-40C5-A687-7630A3C54186}"
EndProject
Project("{FAE04EC0-301F-11D3-BF4B-00C04F79EFBC}") = "UnityModManager", "UnityModManager\UnityModManager.csproj", "{F2BE0765-6429-4248-86D1-EFF4FA33B91C}"
EndProject
Global
	GlobalSection(SolutionConfigurationPlatforms) = preSolution
		Debug|AnyCPU = Debug|AnyCPU
		Release|AnyCPU = Release|AnyCPU
	EndGlobalSection
	GlobalSection(ProjectConfigurationPlatforms) = postSolution
		{8FA797EA-4681-48BD-9A43-4DB1708DE8CA}.Debug|AnyCPU.ActiveCfg = Debug|AnyCPU
		{8FA797EA-4681-48BD-9A43-4DB1708DE8CA}.Debug|AnyCPU.Build.0 = Debug|AnyCPU
		{8FA797EA-4681-48BD-9A43-4DB1708DE8CA}.Release|AnyCPU.ActiveCfg = Release|AnyCPU
		{8FA797EA-4681-48BD-9A43-4DB1708DE8CA}.Release|AnyCPU.Build.0 = Release|AnyCPU
		{CC756454-C05A-4D77-A0E1-F5DDDDCC4A08}.Debug|AnyCPU.ActiveCfg = Debug|AnyCPU
		{CC756454-C05A-4D77-A0E1-F5DDDDCC4A08}.Debug|AnyCPU.Build.0 = Debug|AnyCPU
		{CC756454-C05A-4D77-A0E1-F5DDDDCC4A08}.Release|AnyCPU.ActiveCfg = Release|AnyCPU
		{CC756454-C05A-4D77-A0E1-F5DDDDCC4A08}.Release|AnyCPU.Build.0 = Release|AnyCPU
		{BD08710B-CCC1-45D3-996F-26AE84292697}.Debug|AnyCPU.ActiveCfg = Debug|AnyCPU
		{BD08710B-CCC1-45D3-996F-26AE84292697}.Debug|AnyCPU.Build.0 = Debug|AnyCPU
		{BD08710B-CCC1-45D3-996F-26AE84292697}.Release|AnyCPU.ActiveCfg = Release|AnyCPU
		{BD08710B-CCC1-45D3-996F-26AE84292697}.Release|AnyCPU.Build.0 = Release|AnyCPU
		{96537F3B-D7FC-4DE3-B537-555EC3C8D854}.Debug|AnyCPU.ActiveCfg = Debug|AnyCPU
		{96537F3B-D7FC-4DE3-B537-555EC3C8D854}.Debug|AnyCPU.Build.0 = Debug|AnyCPU
		{96537F3B-D7FC-4DE3-B537-555EC3C8D854}.Release|AnyCPU.ActiveCfg = Release|AnyCPU
		{96537F3B-D7FC-4DE3-B537-555EC3C8D854}.Release|AnyCPU.Build.0 = Release|AnyCPU
		{740E02EA-0CA7-4F65-8913-9D93F86D8CF4}.Debug|AnyCPU.ActiveCfg = Debug|AnyCPU
		{740E02EA-0CA7-4F65-8913-9D93F86D8CF4}.Debug|AnyCPU.Build.0 = Debug|AnyCPU
		{740E02EA-0CA7-4F65-8913-9D93F86D8CF4}.Release|AnyCPU.ActiveCfg = Release|AnyCPU
		{740E02EA-0CA7-4F65-8913-9D93F86D8CF4}.Release|AnyCPU.Build.0 = Release|AnyCPU
		{0DFA03D9-6E24-4B51-BF1F-4761701227CE}.Debug|AnyCPU.ActiveCfg = Debug|AnyCPU
		{0DFA03D9-6E24-4B51-BF1F-4761701227CE}.Debug|AnyCPU.Build.0 = Debug|AnyCPU
		{0DFA03D9-6E24-4B51-BF1F-4761701227CE}.Release|AnyCPU.ActiveCfg = Release|AnyCPU
		{0DFA03D9-6E24-4B51-BF1F-4761701227CE}.Release|AnyCPU.Build.0 = Release|AnyCPU
		{7ED12908-4076-472C-9740-565D7AF5E5AA}.Debug|AnyCPU.ActiveCfg = Debug|AnyCPU
		{7ED12908-4076-472C-9740-565D7AF5E5AA}.Debug|AnyCPU.Build.0 = Debug|AnyCPU
		{7ED12908-4076-472C-9740-565D7AF5E5AA}.Release|AnyCPU.ActiveCfg = Release|AnyCPU
		{7ED12908-4076-472C-9740-565D7AF5E5AA}.Release|AnyCPU.Build.0 = Release|AnyCPU
		{372EDC48-7AEF-4F05-B003-0B58E9CBA1C7}.Debug|AnyCPU.ActiveCfg = Debug|AnyCPU
		{372EDC48-7AEF-4F05-B003-0B58E9CBA1C7}.Debug|AnyCPU.Build.0 = Debug|AnyCPU
		{372EDC48-7AEF-4F05-B003-0B58E9CBA1C7}.Release|AnyCPU.ActiveCfg = Release|AnyCPU
		{372EDC48-7AEF-4F05-B003-0B58E9CBA1C7}.Release|AnyCPU.Build.0 = Release|AnyCPU
		{7A1DFD93-D42A-40A4-A5C7-D37DF5FF5E4B}.Debug|AnyCPU.ActiveCfg = Debug|AnyCPU
		{7A1DFD93-D42A-40A4-A5C7-D37DF5FF5E4B}.Debug|AnyCPU.Build.0 = Debug|AnyCPU
		{7A1DFD93-D42A-40A4-A5C7-D37DF5FF5E4B}.Release|AnyCPU.ActiveCfg = Release|AnyCPU
		{7A1DFD93-D42A-40A4-A5C7-D37DF5FF5E4B}.Release|AnyCPU.Build.0 = Release|AnyCPU
		{0A904604-19AD-412A-AD95-7DAB74B4E4D7}.Debug|AnyCPU.ActiveCfg = Debug|AnyCPU
		{0A904604-19AD-412A-AD95-7DAB74B4E4D7}.Debug|AnyCPU.Build.0 = Debug|AnyCPU
		{0A904604-19AD-412A-AD95-7DAB74B4E4D7}.Release|AnyCPU.ActiveCfg = Release|AnyCPU
		{0A904604-19AD-412A-AD95-7DAB74B4E4D7}.Release|AnyCPU.Build.0 = Release|AnyCPU
		{8FEFA549-3D16-4777-83ED-B25F8512533B}.Debug|AnyCPU.ActiveCfg = Debug|AnyCPU
		{8FEFA549-3D16-4777-83ED-B25F8512533B}.Debug|AnyCPU.Build.0 = Debug|AnyCPU
		{8FEFA549-3D16-4777-83ED-B25F8512533B}.Release|AnyCPU.ActiveCfg = Release|AnyCPU
		{8FEFA549-3D16-4777-83ED-B25F8512533B}.Release|AnyCPU.Build.0 = Release|AnyCPU
		{05FF6BF7-74B4-4F2D-B15E-95831CDB3375}.Debug|AnyCPU.ActiveCfg = Debug|AnyCPU
		{05FF6BF7-74B4-4F2D-B15E-95831CDB3375}.Debug|AnyCPU.Build.0 = Debug|AnyCPU
		{05FF6BF7-74B4-4F2D-B15E-95831CDB3375}.Release|AnyCPU.ActiveCfg = Release|AnyCPU
		{05FF6BF7-74B4-4F2D-B15E-95831CDB3375}.Release|AnyCPU.Build.0 = Release|AnyCPU
		{C1884BBD-B44E-482D-B661-9B94905EE532}.Debug|AnyCPU.ActiveCfg = Debug|AnyCPU
		{C1884BBD-B44E-482D-B661-9B94905EE532}.Debug|AnyCPU.Build.0 = Debug|AnyCPU
		{C1884BBD-B44E-482D-B661-9B94905EE532}.Release|AnyCPU.ActiveCfg = Release|AnyCPU
		{C1884BBD-B44E-482D-B661-9B94905EE532}.Release|AnyCPU.Build.0 = Release|AnyCPU
		{A78D7854-93F9-4830-A396-A66DFDB277F3}.Debug|AnyCPU.ActiveCfg = Debug|AnyCPU
		{A78D7854-93F9-4830-A396-A66DFDB277F3}.Debug|AnyCPU.Build.0 = Debug|AnyCPU
		{A78D7854-93F9-4830-A396-A66DFDB277F3}.Release|AnyCPU.ActiveCfg = Release|AnyCPU
		{A78D7854-93F9-4830-A396-A66DFDB277F3}.Release|AnyCPU.Build.0 = Release|AnyCPU
		{4A980217-7245-4D25-AC32-8883E6B96D3A}.Debug|AnyCPU.ActiveCfg = Debug|AnyCPU
		{4A980217-7245-4D25-AC32-8883E6B96D3A}.Debug|AnyCPU.Build.0 = Debug|AnyCPU
		{4A980217-7245-4D25-AC32-8883E6B96D3A}.Release|AnyCPU.ActiveCfg = Release|AnyCPU
		{4A980217-7245-4D25-AC32-8883E6B96D3A}.Release|AnyCPU.Build.0 = Release|AnyCPU
		{5B9FD765-16EA-4E90-88C0-45F5ED70A783}.Debug|AnyCPU.ActiveCfg = Debug|AnyCPU
		{5B9FD765-16EA-4E90-88C0-45F5ED70A783}.Debug|AnyCPU.Build.0 = Debug|AnyCPU
		{5B9FD765-16EA-4E90-88C0-45F5ED70A783}.Release|AnyCPU.ActiveCfg = Release|AnyCPU
		{5B9FD765-16EA-4E90-88C0-45F5ED70A783}.Release|AnyCPU.Build.0 = Release|AnyCPU
		{84705822-842E-4F3E-AA9A-EDE3E9DAE82C}.Debug|AnyCPU.ActiveCfg = Debug|AnyCPU
		{84705822-842E-4F3E-AA9A-EDE3E9DAE82C}.Debug|AnyCPU.Build.0 = Debug|AnyCPU
		{84705822-842E-4F3E-AA9A-EDE3E9DAE82C}.Release|AnyCPU.ActiveCfg = Release|AnyCPU
		{84705822-842E-4F3E-AA9A-EDE3E9DAE82C}.Release|AnyCPU.Build.0 = Release|AnyCPU
		{BE3655B4-9B2D-4A9C-854A-2393FAA709F8}.Debug|AnyCPU.ActiveCfg = Debug|AnyCPU
		{BE3655B4-9B2D-4A9C-854A-2393FAA709F8}.Debug|AnyCPU.Build.0 = Debug|AnyCPU
		{BE3655B4-9B2D-4A9C-854A-2393FAA709F8}.Release|AnyCPU.ActiveCfg = Release|AnyCPU
		{BE3655B4-9B2D-4A9C-854A-2393FAA709F8}.Release|AnyCPU.Build.0 = Release|AnyCPU
		{761DF6F7-D0BD-4717-8EA7-326D82A575F8}.Debug|AnyCPU.ActiveCfg = Debug|AnyCPU
		{761DF6F7-D0BD-4717-8EA7-326D82A575F8}.Debug|AnyCPU.Build.0 = Debug|AnyCPU
		{761DF6F7-D0BD-4717-8EA7-326D82A575F8}.Release|AnyCPU.ActiveCfg = Release|AnyCPU
		{761DF6F7-D0BD-4717-8EA7-326D82A575F8}.Release|AnyCPU.Build.0 = Release|AnyCPU
		{443971A5-C2EF-4DE3-9CAF-3A135B2215F3}.Debug|AnyCPU.ActiveCfg = Debug|AnyCPU
		{443971A5-C2EF-4DE3-9CAF-3A135B2215F3}.Debug|AnyCPU.Build.0 = Debug|AnyCPU
		{443971A5-C2EF-4DE3-9CAF-3A135B2215F3}.Release|AnyCPU.ActiveCfg = Release|AnyCPU
		{443971A5-C2EF-4DE3-9CAF-3A135B2215F3}.Release|AnyCPU.Build.0 = Release|AnyCPU
		{F8376E18-50C3-4A7A-8231-125F51A0434A}.Debug|AnyCPU.ActiveCfg = Debug|AnyCPU
		{F8376E18-50C3-4A7A-8231-125F51A0434A}.Debug|AnyCPU.Build.0 = Debug|AnyCPU
		{F8376E18-50C3-4A7A-8231-125F51A0434A}.Release|AnyCPU.ActiveCfg = Release|AnyCPU
		{F8376E18-50C3-4A7A-8231-125F51A0434A}.Release|AnyCPU.Build.0 = Release|AnyCPU
		{A0F62E98-3D9F-48F9-A268-9BB0BBEE0117}.Debug|AnyCPU.ActiveCfg = Debug|AnyCPU
		{A0F62E98-3D9F-48F9-A268-9BB0BBEE0117}.Debug|AnyCPU.Build.0 = Debug|AnyCPU
		{A0F62E98-3D9F-48F9-A268-9BB0BBEE0117}.Release|AnyCPU.ActiveCfg = Release|AnyCPU
		{A0F62E98-3D9F-48F9-A268-9BB0BBEE0117}.Release|AnyCPU.Build.0 = Release|AnyCPU
		{D7ED2524-DDEF-469E-B554-B877368CEBDE}.Debug|AnyCPU.ActiveCfg = Debug|AnyCPU
		{D7ED2524-DDEF-469E-B554-B877368CEBDE}.Debug|AnyCPU.Build.0 = Debug|AnyCPU
		{D7ED2524-DDEF-469E-B554-B877368CEBDE}.Release|AnyCPU.ActiveCfg = Release|AnyCPU
		{D7ED2524-DDEF-469E-B554-B877368CEBDE}.Release|AnyCPU.Build.0 = Release|AnyCPU
		{9619E26B-BCA0-4305-A1F1-D90B6136BF92}.Debug|AnyCPU.ActiveCfg = Debug|AnyCPU
		{9619E26B-BCA0-4305-A1F1-D90B6136BF92}.Debug|AnyCPU.Build.0 = Debug|AnyCPU
		{9619E26B-BCA0-4305-A1F1-D90B6136BF92}.Release|AnyCPU.ActiveCfg = Release|AnyCPU
		{9619E26B-BCA0-4305-A1F1-D90B6136BF92}.Release|AnyCPU.Build.0 = Release|AnyCPU
		{78D41FAF-3A53-4131-8AA8-54D182AEDD05}.Debug|AnyCPU.ActiveCfg = Debug|AnyCPU
		{78D41FAF-3A53-4131-8AA8-54D182AEDD05}.Debug|AnyCPU.Build.0 = Debug|AnyCPU
		{78D41FAF-3A53-4131-8AA8-54D182AEDD05}.Release|AnyCPU.ActiveCfg = Release|AnyCPU
		{78D41FAF-3A53-4131-8AA8-54D182AEDD05}.Release|AnyCPU.Build.0 = Release|AnyCPU
		{B798AEB1-861A-419A-931D-6EA16BBBDE8D}.Debug|AnyCPU.ActiveCfg = Debug|AnyCPU
		{B798AEB1-861A-419A-931D-6EA16BBBDE8D}.Debug|AnyCPU.Build.0 = Debug|AnyCPU
		{B798AEB1-861A-419A-931D-6EA16BBBDE8D}.Release|AnyCPU.ActiveCfg = Release|AnyCPU
		{B798AEB1-861A-419A-931D-6EA16BBBDE8D}.Release|AnyCPU.Build.0 = Release|AnyCPU
		{5BB43C5B-F9E7-4742-A131-4249C25A0690}.Debug|AnyCPU.ActiveCfg = Debug|AnyCPU
		{5BB43C5B-F9E7-4742-A131-4249C25A0690}.Debug|AnyCPU.Build.0 = Debug|AnyCPU
		{5BB43C5B-F9E7-4742-A131-4249C25A0690}.Release|AnyCPU.ActiveCfg = Release|AnyCPU
		{5BB43C5B-F9E7-4742-A131-4249C25A0690}.Release|AnyCPU.Build.0 = Release|AnyCPU
		{0E41094A-B945-4B7A-B08E-654B5210531A}.Debug|AnyCPU.ActiveCfg = Debug|AnyCPU
		{0E41094A-B945-4B7A-B08E-654B5210531A}.Debug|AnyCPU.Build.0 = Debug|AnyCPU
		{0E41094A-B945-4B7A-B08E-654B5210531A}.Release|AnyCPU.ActiveCfg = Release|AnyCPU
		{0E41094A-B945-4B7A-B08E-654B5210531A}.Release|AnyCPU.Build.0 = Release|AnyCPU
		{BEC7FDA7-3D64-433D-BA02-1AD61A2CBCD8}.Debug|AnyCPU.ActiveCfg = Debug|AnyCPU
		{BEC7FDA7-3D64-433D-BA02-1AD61A2CBCD8}.Debug|AnyCPU.Build.0 = Debug|AnyCPU
		{BEC7FDA7-3D64-433D-BA02-1AD61A2CBCD8}.Release|AnyCPU.ActiveCfg = Release|AnyCPU
		{BEC7FDA7-3D64-433D-BA02-1AD61A2CBCD8}.Release|AnyCPU.Build.0 = Release|AnyCPU
		{B92A764E-FEA2-4B5F-A536-BABBC11EAAB7}.Debug|AnyCPU.ActiveCfg = Debug|AnyCPU
		{B92A764E-FEA2-4B5F-A536-BABBC11EAAB7}.Debug|AnyCPU.Build.0 = Debug|AnyCPU
		{B92A764E-FEA2-4B5F-A536-BABBC11EAAB7}.Release|AnyCPU.ActiveCfg = Release|AnyCPU
		{B92A764E-FEA2-4B5F-A536-BABBC11EAAB7}.Release|AnyCPU.Build.0 = Release|AnyCPU
		{7602CC67-0658-48CF-B6CA-A2BA1303A374}.Debug|AnyCPU.ActiveCfg = Debug|AnyCPU
		{7602CC67-0658-48CF-B6CA-A2BA1303A374}.Debug|AnyCPU.Build.0 = Debug|AnyCPU
		{7602CC67-0658-48CF-B6CA-A2BA1303A374}.Release|AnyCPU.ActiveCfg = Release|AnyCPU
		{7602CC67-0658-48CF-B6CA-A2BA1303A374}.Release|AnyCPU.Build.0 = Release|AnyCPU
		{631E2AFB-08B7-45A5-B9F0-A4B2EDC49F1E}.Debug|AnyCPU.ActiveCfg = Debug|AnyCPU
		{631E2AFB-08B7-45A5-B9F0-A4B2EDC49F1E}.Debug|AnyCPU.Build.0 = Debug|AnyCPU
		{631E2AFB-08B7-45A5-B9F0-A4B2EDC49F1E}.Release|AnyCPU.ActiveCfg = Release|AnyCPU
		{631E2AFB-08B7-45A5-B9F0-A4B2EDC49F1E}.Release|AnyCPU.Build.0 = Release|AnyCPU
		{FF3465A3-05D0-4565-BCB6-310D30035BE9}.Debug|AnyCPU.ActiveCfg = Debug|AnyCPU
		{FF3465A3-05D0-4565-BCB6-310D30035BE9}.Debug|AnyCPU.Build.0 = Debug|AnyCPU
		{FF3465A3-05D0-4565-BCB6-310D30035BE9}.Release|AnyCPU.ActiveCfg = Release|AnyCPU
		{FF3465A3-05D0-4565-BCB6-310D30035BE9}.Release|AnyCPU.Build.0 = Release|AnyCPU
		{98D38F24-D36F-454F-AEE2-42A9B650D9D2}.Debug|AnyCPU.ActiveCfg = Debug|AnyCPU
		{98D38F24-D36F-454F-AEE2-42A9B650D9D2}.Debug|AnyCPU.Build.0 = Debug|AnyCPU
		{98D38F24-D36F-454F-AEE2-42A9B650D9D2}.Release|AnyCPU.ActiveCfg = Release|AnyCPU
		{98D38F24-D36F-454F-AEE2-42A9B650D9D2}.Release|AnyCPU.Build.0 = Release|AnyCPU
		{6CC53952-4E0E-4DF8-8F0C-7092730D0126}.Debug|AnyCPU.ActiveCfg = Debug|AnyCPU
		{6CC53952-4E0E-4DF8-8F0C-7092730D0126}.Debug|AnyCPU.Build.0 = Debug|AnyCPU
		{6CC53952-4E0E-4DF8-8F0C-7092730D0126}.Release|AnyCPU.ActiveCfg = Release|AnyCPU
		{6CC53952-4E0E-4DF8-8F0C-7092730D0126}.Release|AnyCPU.Build.0 = Release|AnyCPU
		{3AAA72C7-4BD6-4471-A681-BC9B01D7F6E4}.Debug|AnyCPU.ActiveCfg = Debug|AnyCPU
		{3AAA72C7-4BD6-4471-A681-BC9B01D7F6E4}.Debug|AnyCPU.Build.0 = Debug|AnyCPU
		{3AAA72C7-4BD6-4471-A681-BC9B01D7F6E4}.Release|AnyCPU.ActiveCfg = Release|AnyCPU
		{3AAA72C7-4BD6-4471-A681-BC9B01D7F6E4}.Release|AnyCPU.Build.0 = Release|AnyCPU
		{FF1EF2CA-0669-4534-9867-6A96B915FA0E}.Debug|AnyCPU.ActiveCfg = Debug|AnyCPU
		{FF1EF2CA-0669-4534-9867-6A96B915FA0E}.Debug|AnyCPU.Build.0 = Debug|AnyCPU
		{FF1EF2CA-0669-4534-9867-6A96B915FA0E}.Release|AnyCPU.ActiveCfg = Release|AnyCPU
		{FF1EF2CA-0669-4534-9867-6A96B915FA0E}.Release|AnyCPU.Build.0 = Release|AnyCPU
		{6F19BA56-0006-4405-BC14-8D4CCF6263F7}.Debug|AnyCPU.ActiveCfg = Debug|AnyCPU
		{6F19BA56-0006-4405-BC14-8D4CCF6263F7}.Debug|AnyCPU.Build.0 = Debug|AnyCPU
		{6F19BA56-0006-4405-BC14-8D4CCF6263F7}.Release|AnyCPU.ActiveCfg = Release|AnyCPU
		{6F19BA56-0006-4405-BC14-8D4CCF6263F7}.Release|AnyCPU.Build.0 = Release|AnyCPU
		{9DCB0D7B-C945-4406-8EE1-E3837A75670F}.Debug|AnyCPU.ActiveCfg = Debug|AnyCPU
		{9DCB0D7B-C945-4406-8EE1-E3837A75670F}.Debug|AnyCPU.Build.0 = Debug|AnyCPU
		{9DCB0D7B-C945-4406-8EE1-E3837A75670F}.Release|AnyCPU.ActiveCfg = Release|AnyCPU
		{9DCB0D7B-C945-4406-8EE1-E3837A75670F}.Release|AnyCPU.Build.0 = Release|AnyCPU
		{4A4AB38E-2CE0-4C9C-9F00-DB5133FFAEE8}.Debug|AnyCPU.ActiveCfg = Debug|AnyCPU
		{4A4AB38E-2CE0-4C9C-9F00-DB5133FFAEE8}.Debug|AnyCPU.Build.0 = Debug|AnyCPU
		{4A4AB38E-2CE0-4C9C-9F00-DB5133FFAEE8}.Release|AnyCPU.ActiveCfg = Release|AnyCPU
		{4A4AB38E-2CE0-4C9C-9F00-DB5133FFAEE8}.Release|AnyCPU.Build.0 = Release|AnyCPU
		{A7C1F51E-DD74-4E5C-91D2-CADC6BCE19D0}.Debug|AnyCPU.ActiveCfg = Debug|AnyCPU
		{A7C1F51E-DD74-4E5C-91D2-CADC6BCE19D0}.Debug|AnyCPU.Build.0 = Debug|AnyCPU
		{A7C1F51E-DD74-4E5C-91D2-CADC6BCE19D0}.Release|AnyCPU.ActiveCfg = Release|AnyCPU
		{A7C1F51E-DD74-4E5C-91D2-CADC6BCE19D0}.Release|AnyCPU.Build.0 = Release|AnyCPU
		{FDD5BB67-C686-44F3-8455-37FE4E703D06}.Debug|AnyCPU.ActiveCfg = Debug|AnyCPU
		{FDD5BB67-C686-44F3-8455-37FE4E703D06}.Debug|AnyCPU.Build.0 = Debug|AnyCPU
		{FDD5BB67-C686-44F3-8455-37FE4E703D06}.Release|AnyCPU.ActiveCfg = Release|AnyCPU
		{FDD5BB67-C686-44F3-8455-37FE4E703D06}.Release|AnyCPU.Build.0 = Release|AnyCPU
		{E6079E75-B27E-4C72-A6E8-E759442D5E85}.Debug|AnyCPU.ActiveCfg = Debug|AnyCPU
		{E6079E75-B27E-4C72-A6E8-E759442D5E85}.Debug|AnyCPU.Build.0 = Debug|AnyCPU
		{E6079E75-B27E-4C72-A6E8-E759442D5E85}.Release|AnyCPU.ActiveCfg = Release|AnyCPU
		{E6079E75-B27E-4C72-A6E8-E759442D5E85}.Release|AnyCPU.Build.0 = Release|AnyCPU
		{C832B702-23A4-4E18-B38B-B6C69C4B0AB9}.Debug|AnyCPU.ActiveCfg = Debug|AnyCPU
		{C832B702-23A4-4E18-B38B-B6C69C4B0AB9}.Debug|AnyCPU.Build.0 = Debug|AnyCPU
		{C832B702-23A4-4E18-B38B-B6C69C4B0AB9}.Release|AnyCPU.ActiveCfg = Release|AnyCPU
		{C832B702-23A4-4E18-B38B-B6C69C4B0AB9}.Release|AnyCPU.Build.0 = Release|AnyCPU
		{F05C4201-C3F5-459E-A7B8-2E73E4708217}.Debug|AnyCPU.ActiveCfg = Debug|AnyCPU
		{F05C4201-C3F5-459E-A7B8-2E73E4708217}.Debug|AnyCPU.Build.0 = Debug|AnyCPU
		{F05C4201-C3F5-459E-A7B8-2E73E4708217}.Release|AnyCPU.ActiveCfg = Release|AnyCPU
		{F05C4201-C3F5-459E-A7B8-2E73E4708217}.Release|AnyCPU.Build.0 = Release|AnyCPU
		{175FBA31-05B6-401B-97BE-0856935A3004}.Debug|AnyCPU.ActiveCfg = Debug|AnyCPU
		{175FBA31-05B6-401B-97BE-0856935A3004}.Debug|AnyCPU.Build.0 = Debug|AnyCPU
		{175FBA31-05B6-401B-97BE-0856935A3004}.Release|AnyCPU.ActiveCfg = Release|AnyCPU
		{175FBA31-05B6-401B-97BE-0856935A3004}.Release|AnyCPU.Build.0 = Release|AnyCPU
		{0678E962-2E88-4A3C-9585-18FB2FCDF1B0}.Debug|AnyCPU.ActiveCfg = Debug|AnyCPU
		{0678E962-2E88-4A3C-9585-18FB2FCDF1B0}.Debug|AnyCPU.Build.0 = Debug|AnyCPU
		{0678E962-2E88-4A3C-9585-18FB2FCDF1B0}.Release|AnyCPU.ActiveCfg = Release|AnyCPU
		{0678E962-2E88-4A3C-9585-18FB2FCDF1B0}.Release|AnyCPU.Build.0 = Release|AnyCPU
		{D3D24545-4A2B-45ED-83CE-F956EBD4A244}.Debug|AnyCPU.ActiveCfg = Debug|AnyCPU
		{D3D24545-4A2B-45ED-83CE-F956EBD4A244}.Debug|AnyCPU.Build.0 = Debug|AnyCPU
		{D3D24545-4A2B-45ED-83CE-F956EBD4A244}.Release|AnyCPU.ActiveCfg = Release|AnyCPU
		{D3D24545-4A2B-45ED-83CE-F956EBD4A244}.Release|AnyCPU.Build.0 = Release|AnyCPU
		{1F1E1034-F66C-4F86-B092-185DCF40492C}.Debug|AnyCPU.ActiveCfg = Debug|AnyCPU
		{1F1E1034-F66C-4F86-B092-185DCF40492C}.Debug|AnyCPU.Build.0 = Debug|AnyCPU
		{1F1E1034-F66C-4F86-B092-185DCF40492C}.Release|AnyCPU.ActiveCfg = Release|AnyCPU
		{1F1E1034-F66C-4F86-B092-185DCF40492C}.Release|AnyCPU.Build.0 = Release|AnyCPU
		{6CF1EC6C-B034-4943-809C-434EC397C6F7}.Debug|AnyCPU.ActiveCfg = Debug|AnyCPU
		{6CF1EC6C-B034-4943-809C-434EC397C6F7}.Debug|AnyCPU.Build.0 = Debug|AnyCPU
		{6CF1EC6C-B034-4943-809C-434EC397C6F7}.Release|AnyCPU.ActiveCfg = Release|AnyCPU
		{6CF1EC6C-B034-4943-809C-434EC397C6F7}.Release|AnyCPU.Build.0 = Release|AnyCPU
		{07D5D59A-7512-4F92-B0AA-6FE679116214}.Debug|AnyCPU.ActiveCfg = Debug|AnyCPU
		{07D5D59A-7512-4F92-B0AA-6FE679116214}.Debug|AnyCPU.Build.0 = Debug|AnyCPU
		{07D5D59A-7512-4F92-B0AA-6FE679116214}.Release|AnyCPU.ActiveCfg = Release|AnyCPU
		{07D5D59A-7512-4F92-B0AA-6FE679116214}.Release|AnyCPU.Build.0 = Release|AnyCPU
		{62D732EB-EC5C-484F-A121-1E8337B89C52}.Debug|AnyCPU.ActiveCfg = Debug|AnyCPU
		{62D732EB-EC5C-484F-A121-1E8337B89C52}.Debug|AnyCPU.Build.0 = Debug|AnyCPU
		{62D732EB-EC5C-484F-A121-1E8337B89C52}.Release|AnyCPU.ActiveCfg = Release|AnyCPU
		{62D732EB-EC5C-484F-A121-1E8337B89C52}.Release|AnyCPU.Build.0 = Release|AnyCPU
		{E5D782C3-486F-45E6-9508-E1941E470DFF}.Debug|AnyCPU.ActiveCfg = Debug|AnyCPU
		{E5D782C3-486F-45E6-9508-E1941E470DFF}.Debug|AnyCPU.Build.0 = Debug|AnyCPU
		{E5D782C3-486F-45E6-9508-E1941E470DFF}.Release|AnyCPU.ActiveCfg = Release|AnyCPU
		{E5D782C3-486F-45E6-9508-E1941E470DFF}.Release|AnyCPU.Build.0 = Release|AnyCPU
		{54B0A02C-2D32-49F5-9699-CE4BEDC407BC}.Debug|AnyCPU.ActiveCfg = Debug|AnyCPU
		{54B0A02C-2D32-49F5-9699-CE4BEDC407BC}.Debug|AnyCPU.Build.0 = Debug|AnyCPU
		{54B0A02C-2D32-49F5-9699-CE4BEDC407BC}.Release|AnyCPU.ActiveCfg = Release|AnyCPU
		{54B0A02C-2D32-49F5-9699-CE4BEDC407BC}.Release|AnyCPU.Build.0 = Release|AnyCPU
		{BF870C6D-9FAB-469A-9C18-F64F469AD144}.Debug|AnyCPU.ActiveCfg = Debug|AnyCPU
		{BF870C6D-9FAB-469A-9C18-F64F469AD144}.Debug|AnyCPU.Build.0 = Debug|AnyCPU
		{BF870C6D-9FAB-469A-9C18-F64F469AD144}.Release|AnyCPU.ActiveCfg = Release|AnyCPU
		{BF870C6D-9FAB-469A-9C18-F64F469AD144}.Release|AnyCPU.Build.0 = Release|AnyCPU
		{05A9DFDF-2A5B-4832-9C6B-7DEB2302FDE0}.Debug|AnyCPU.ActiveCfg = Debug|AnyCPU
		{05A9DFDF-2A5B-4832-9C6B-7DEB2302FDE0}.Debug|AnyCPU.Build.0 = Debug|AnyCPU
		{05A9DFDF-2A5B-4832-9C6B-7DEB2302FDE0}.Release|AnyCPU.ActiveCfg = Release|AnyCPU
		{05A9DFDF-2A5B-4832-9C6B-7DEB2302FDE0}.Release|AnyCPU.Build.0 = Release|AnyCPU
		{6AD619A1-84BE-4CC0-9B73-8FE53FA358C6}.Debug|AnyCPU.ActiveCfg = Debug|AnyCPU
		{6AD619A1-84BE-4CC0-9B73-8FE53FA358C6}.Debug|AnyCPU.Build.0 = Debug|AnyCPU
		{6AD619A1-84BE-4CC0-9B73-8FE53FA358C6}.Release|AnyCPU.ActiveCfg = Release|AnyCPU
		{6AD619A1-84BE-4CC0-9B73-8FE53FA358C6}.Release|AnyCPU.Build.0 = Release|AnyCPU
		{C5D38051-7B9B-4C22-B5CB-5D44B2B886E5}.Debug|AnyCPU.ActiveCfg = Debug|AnyCPU
		{C5D38051-7B9B-4C22-B5CB-5D44B2B886E5}.Debug|AnyCPU.Build.0 = Debug|AnyCPU
		{C5D38051-7B9B-4C22-B5CB-5D44B2B886E5}.Release|AnyCPU.ActiveCfg = Release|AnyCPU
		{C5D38051-7B9B-4C22-B5CB-5D44B2B886E5}.Release|AnyCPU.Build.0 = Release|AnyCPU
		{557E0061-492F-4FBE-A992-EB2DA9F428F5}.Debug|AnyCPU.ActiveCfg = Debug|AnyCPU
		{557E0061-492F-4FBE-A992-EB2DA9F428F5}.Debug|AnyCPU.Build.0 = Debug|AnyCPU
		{557E0061-492F-4FBE-A992-EB2DA9F428F5}.Release|AnyCPU.ActiveCfg = Release|AnyCPU
		{557E0061-492F-4FBE-A992-EB2DA9F428F5}.Release|AnyCPU.Build.0 = Release|AnyCPU
		{8092AF44-AF6A-4096-8C00-5CB035B68042}.Debug|AnyCPU.ActiveCfg = Debug|AnyCPU
		{8092AF44-AF6A-4096-8C00-5CB035B68042}.Debug|AnyCPU.Build.0 = Debug|AnyCPU
		{8092AF44-AF6A-4096-8C00-5CB035B68042}.Release|AnyCPU.ActiveCfg = Release|AnyCPU
		{8092AF44-AF6A-4096-8C00-5CB035B68042}.Release|AnyCPU.Build.0 = Release|AnyCPU
		{2496E604-A2F0-40B5-8EE7-8338D26711D7}.Debug|AnyCPU.ActiveCfg = Debug|AnyCPU
		{2496E604-A2F0-40B5-8EE7-8338D26711D7}.Debug|AnyCPU.Build.0 = Debug|AnyCPU
		{2496E604-A2F0-40B5-8EE7-8338D26711D7}.Release|AnyCPU.ActiveCfg = Release|AnyCPU
		{2496E604-A2F0-40B5-8EE7-8338D26711D7}.Release|AnyCPU.Build.0 = Release|AnyCPU
		{B0E6715C-C797-499A-A056-37B8DF4279A9}.Debug|AnyCPU.ActiveCfg = Debug|AnyCPU
		{B0E6715C-C797-499A-A056-37B8DF4279A9}.Debug|AnyCPU.Build.0 = Debug|AnyCPU
		{B0E6715C-C797-499A-A056-37B8DF4279A9}.Release|AnyCPU.ActiveCfg = Release|AnyCPU
		{B0E6715C-C797-499A-A056-37B8DF4279A9}.Release|AnyCPU.Build.0 = Release|AnyCPU
		{DFB3EA51-44E4-42AD-8C0F-C5DE04A5D1D4}.Debug|AnyCPU.ActiveCfg = Debug|AnyCPU
		{DFB3EA51-44E4-42AD-8C0F-C5DE04A5D1D4}.Debug|AnyCPU.Build.0 = Debug|AnyCPU
		{DFB3EA51-44E4-42AD-8C0F-C5DE04A5D1D4}.Release|AnyCPU.ActiveCfg = Release|AnyCPU
		{DFB3EA51-44E4-42AD-8C0F-C5DE04A5D1D4}.Release|AnyCPU.Build.0 = Release|AnyCPU
		{FD51AB7E-6D14-416C-9154-E1583E7E9486}.Debug|AnyCPU.ActiveCfg = Debug|AnyCPU
		{FD51AB7E-6D14-416C-9154-E1583E7E9486}.Debug|AnyCPU.Build.0 = Debug|AnyCPU
		{FD51AB7E-6D14-416C-9154-E1583E7E9486}.Release|AnyCPU.ActiveCfg = Release|AnyCPU
		{FD51AB7E-6D14-416C-9154-E1583E7E9486}.Release|AnyCPU.Build.0 = Release|AnyCPU
		{890C84B9-A272-4F2C-ABB9-EAA2BA2C7FDB}.Debug|AnyCPU.ActiveCfg = Debug|AnyCPU
		{890C84B9-A272-4F2C-ABB9-EAA2BA2C7FDB}.Debug|AnyCPU.Build.0 = Debug|AnyCPU
		{890C84B9-A272-4F2C-ABB9-EAA2BA2C7FDB}.Release|AnyCPU.ActiveCfg = Release|AnyCPU
		{890C84B9-A272-4F2C-ABB9-EAA2BA2C7FDB}.Release|AnyCPU.Build.0 = Release|AnyCPU
		{55FE3341-A44F-463B-9961-66AB61B61608}.Debug|AnyCPU.ActiveCfg = Debug|AnyCPU
		{55FE3341-A44F-463B-9961-66AB61B61608}.Debug|AnyCPU.Build.0 = Debug|AnyCPU
		{55FE3341-A44F-463B-9961-66AB61B61608}.Release|AnyCPU.ActiveCfg = Release|AnyCPU
		{55FE3341-A44F-463B-9961-66AB61B61608}.Release|AnyCPU.Build.0 = Release|AnyCPU
		{D40B2855-E5DE-42CE-A993-120A6828D141}.Debug|AnyCPU.ActiveCfg = Debug|AnyCPU
		{D40B2855-E5DE-42CE-A993-120A6828D141}.Debug|AnyCPU.Build.0 = Debug|AnyCPU
		{D40B2855-E5DE-42CE-A993-120A6828D141}.Release|AnyCPU.ActiveCfg = Release|AnyCPU
		{D40B2855-E5DE-42CE-A993-120A6828D141}.Release|AnyCPU.Build.0 = Release|AnyCPU
		{C59A3955-DC44-481F-9B38-0FA2CCC6CAF9}.Debug|AnyCPU.ActiveCfg = Debug|AnyCPU
		{C59A3955-DC44-481F-9B38-0FA2CCC6CAF9}.Debug|AnyCPU.Build.0 = Debug|AnyCPU
		{C59A3955-DC44-481F-9B38-0FA2CCC6CAF9}.Release|AnyCPU.ActiveCfg = Release|AnyCPU
		{C59A3955-DC44-481F-9B38-0FA2CCC6CAF9}.Release|AnyCPU.Build.0 = Release|AnyCPU
		{35FCF62E-0AB3-487F-8355-EA663EFBD02D}.Debug|AnyCPU.ActiveCfg = Debug|AnyCPU
		{35FCF62E-0AB3-487F-8355-EA663EFBD02D}.Debug|AnyCPU.Build.0 = Debug|AnyCPU
		{35FCF62E-0AB3-487F-8355-EA663EFBD02D}.Release|AnyCPU.ActiveCfg = Release|AnyCPU
		{35FCF62E-0AB3-487F-8355-EA663EFBD02D}.Release|AnyCPU.Build.0 = Release|AnyCPU
		{18F30A3B-EA50-46F5-8866-6F9E89A3CF3A}.Debug|AnyCPU.ActiveCfg = Debug|AnyCPU
		{18F30A3B-EA50-46F5-8866-6F9E89A3CF3A}.Debug|AnyCPU.Build.0 = Debug|AnyCPU
		{18F30A3B-EA50-46F5-8866-6F9E89A3CF3A}.Release|AnyCPU.ActiveCfg = Release|AnyCPU
		{18F30A3B-EA50-46F5-8866-6F9E89A3CF3A}.Release|AnyCPU.Build.0 = Release|AnyCPU
		{E0023973-CF81-43C7-967F-0B79F4B3E524}.Debug|AnyCPU.ActiveCfg = Debug|AnyCPU
		{E0023973-CF81-43C7-967F-0B79F4B3E524}.Debug|AnyCPU.Build.0 = Debug|AnyCPU
		{E0023973-CF81-43C7-967F-0B79F4B3E524}.Release|AnyCPU.ActiveCfg = Release|AnyCPU
		{E0023973-CF81-43C7-967F-0B79F4B3E524}.Release|AnyCPU.Build.0 = Release|AnyCPU
		{785B6A06-2F94-4314-AE24-F93F12DB7687}.Debug|AnyCPU.ActiveCfg = Debug|AnyCPU
		{785B6A06-2F94-4314-AE24-F93F12DB7687}.Debug|AnyCPU.Build.0 = Debug|AnyCPU
		{785B6A06-2F94-4314-AE24-F93F12DB7687}.Release|AnyCPU.ActiveCfg = Release|AnyCPU
		{785B6A06-2F94-4314-AE24-F93F12DB7687}.Release|AnyCPU.Build.0 = Release|AnyCPU
		{AC855A1B-9CEE-4E92-B90C-4D0D39BDFCEC}.Debug|AnyCPU.ActiveCfg = Debug|AnyCPU
		{AC855A1B-9CEE-4E92-B90C-4D0D39BDFCEC}.Debug|AnyCPU.Build.0 = Debug|AnyCPU
		{AC855A1B-9CEE-4E92-B90C-4D0D39BDFCEC}.Release|AnyCPU.ActiveCfg = Release|AnyCPU
		{AC855A1B-9CEE-4E92-B90C-4D0D39BDFCEC}.Release|AnyCPU.Build.0 = Release|AnyCPU
		{9A304267-01FA-4F59-8126-EBE181D09611}.Debug|AnyCPU.ActiveCfg = Debug|AnyCPU
		{9A304267-01FA-4F59-8126-EBE181D09611}.Debug|AnyCPU.Build.0 = Debug|AnyCPU
		{9A304267-01FA-4F59-8126-EBE181D09611}.Release|AnyCPU.ActiveCfg = Release|AnyCPU
		{9A304267-01FA-4F59-8126-EBE181D09611}.Release|AnyCPU.Build.0 = Release|AnyCPU
		{9F0EC537-B2AD-47A6-81BC-A2ECBE1CC117}.Debug|AnyCPU.ActiveCfg = Debug|AnyCPU
		{9F0EC537-B2AD-47A6-81BC-A2ECBE1CC117}.Debug|AnyCPU.Build.0 = Debug|AnyCPU
		{9F0EC537-B2AD-47A6-81BC-A2ECBE1CC117}.Release|AnyCPU.ActiveCfg = Release|AnyCPU
		{9F0EC537-B2AD-47A6-81BC-A2ECBE1CC117}.Release|AnyCPU.Build.0 = Release|AnyCPU
		{9BC0B5EC-1CF5-48D3-9575-F920255387FA}.Debug|AnyCPU.ActiveCfg = Debug|AnyCPU
		{9BC0B5EC-1CF5-48D3-9575-F920255387FA}.Debug|AnyCPU.Build.0 = Debug|AnyCPU
		{9BC0B5EC-1CF5-48D3-9575-F920255387FA}.Release|AnyCPU.ActiveCfg = Release|AnyCPU
		{9BC0B5EC-1CF5-48D3-9575-F920255387FA}.Release|AnyCPU.Build.0 = Release|AnyCPU
		{CACD7EB8-FDBC-44C0-B48A-22BE3460F9AB}.Debug|AnyCPU.ActiveCfg = Debug|AnyCPU
		{CACD7EB8-FDBC-44C0-B48A-22BE3460F9AB}.Debug|AnyCPU.Build.0 = Debug|AnyCPU
		{CACD7EB8-FDBC-44C0-B48A-22BE3460F9AB}.Release|AnyCPU.ActiveCfg = Release|AnyCPU
		{CACD7EB8-FDBC-44C0-B48A-22BE3460F9AB}.Release|AnyCPU.Build.0 = Release|AnyCPU
		{DD9A1F38-774E-4F77-9CC2-EDCB9307311A}.Debug|AnyCPU.ActiveCfg = Debug|AnyCPU
		{DD9A1F38-774E-4F77-9CC2-EDCB9307311A}.Debug|AnyCPU.Build.0 = Debug|AnyCPU
		{DD9A1F38-774E-4F77-9CC2-EDCB9307311A}.Release|AnyCPU.ActiveCfg = Release|AnyCPU
		{DD9A1F38-774E-4F77-9CC2-EDCB9307311A}.Release|AnyCPU.Build.0 = Release|AnyCPU
		{ED7249CA-EE40-4666-AF65-D6A80A4A3A3E}.Debug|AnyCPU.ActiveCfg = Debug|AnyCPU
		{ED7249CA-EE40-4666-AF65-D6A80A4A3A3E}.Debug|AnyCPU.Build.0 = Debug|AnyCPU
		{ED7249CA-EE40-4666-AF65-D6A80A4A3A3E}.Release|AnyCPU.ActiveCfg = Release|AnyCPU
		{ED7249CA-EE40-4666-AF65-D6A80A4A3A3E}.Release|AnyCPU.Build.0 = Release|AnyCPU
		{B2F2F6F6-68CA-4A8B-AF5B-043AF149B399}.Debug|AnyCPU.ActiveCfg = Debug|AnyCPU
		{B2F2F6F6-68CA-4A8B-AF5B-043AF149B399}.Debug|AnyCPU.Build.0 = Debug|AnyCPU
		{B2F2F6F6-68CA-4A8B-AF5B-043AF149B399}.Release|AnyCPU.ActiveCfg = Release|AnyCPU
		{B2F2F6F6-68CA-4A8B-AF5B-043AF149B399}.Release|AnyCPU.Build.0 = Release|AnyCPU
		{FFDD3C34-3CA7-4B3C-9F1F-AB1314F7EC40}.Debug|AnyCPU.ActiveCfg = Debug|AnyCPU
		{FFDD3C34-3CA7-4B3C-9F1F-AB1314F7EC40}.Debug|AnyCPU.Build.0 = Debug|AnyCPU
		{FFDD3C34-3CA7-4B3C-9F1F-AB1314F7EC40}.Release|AnyCPU.ActiveCfg = Release|AnyCPU
		{FFDD3C34-3CA7-4B3C-9F1F-AB1314F7EC40}.Release|AnyCPU.Build.0 = Release|AnyCPU
		{0374933D-9008-4A72-B9B7-1BB3E4D8DF9C}.Debug|AnyCPU.ActiveCfg = Debug|AnyCPU
		{0374933D-9008-4A72-B9B7-1BB3E4D8DF9C}.Debug|AnyCPU.Build.0 = Debug|AnyCPU
		{0374933D-9008-4A72-B9B7-1BB3E4D8DF9C}.Release|AnyCPU.ActiveCfg = Release|AnyCPU
		{0374933D-9008-4A72-B9B7-1BB3E4D8DF9C}.Release|AnyCPU.Build.0 = Release|AnyCPU
		{94A107D9-CDD5-4F67-8B51-5C2FB1F1A61C}.Debug|AnyCPU.ActiveCfg = Debug|AnyCPU
		{94A107D9-CDD5-4F67-8B51-5C2FB1F1A61C}.Debug|AnyCPU.Build.0 = Debug|AnyCPU
		{94A107D9-CDD5-4F67-8B51-5C2FB1F1A61C}.Release|AnyCPU.ActiveCfg = Release|AnyCPU
		{94A107D9-CDD5-4F67-8B51-5C2FB1F1A61C}.Release|AnyCPU.Build.0 = Release|AnyCPU
		{8843F441-905F-4834-A876-E98ADA133C56}.Debug|AnyCPU.ActiveCfg = Debug|AnyCPU
		{8843F441-905F-4834-A876-E98ADA133C56}.Debug|AnyCPU.Build.0 = Debug|AnyCPU
		{8843F441-905F-4834-A876-E98ADA133C56}.Release|AnyCPU.ActiveCfg = Release|AnyCPU
		{8843F441-905F-4834-A876-E98ADA133C56}.Release|AnyCPU.Build.0 = Release|AnyCPU
		{FC89F4DA-D153-479F-8490-9B04C2055302}.Debug|AnyCPU.ActiveCfg = Debug|AnyCPU
		{FC89F4DA-D153-479F-8490-9B04C2055302}.Debug|AnyCPU.Build.0 = Debug|AnyCPU
		{FC89F4DA-D153-479F-8490-9B04C2055302}.Release|AnyCPU.ActiveCfg = Release|AnyCPU
		{FC89F4DA-D153-479F-8490-9B04C2055302}.Release|AnyCPU.Build.0 = Release|AnyCPU
		{F86A68C6-DA66-40C5-A687-7630A3C54186}.Debug|AnyCPU.ActiveCfg = Debug|AnyCPU
		{F86A68C6-DA66-40C5-A687-7630A3C54186}.Debug|AnyCPU.Build.0 = Debug|AnyCPU
		{F86A68C6-DA66-40C5-A687-7630A3C54186}.Release|AnyCPU.ActiveCfg = Release|AnyCPU
		{F86A68C6-DA66-40C5-A687-7630A3C54186}.Release|AnyCPU.Build.0 = Release|AnyCPU
		{F2BE0765-6429-4248-86D1-EFF4FA33B91C}.Debug|AnyCPU.ActiveCfg = Debug|AnyCPU
		{F2BE0765-6429-4248-86D1-EFF4FA33B91C}.Debug|AnyCPU.Build.0 = Debug|AnyCPU
		{F2BE0765-6429-4248-86D1-EFF4FA33B91C}.Release|AnyCPU.ActiveCfg = Release|AnyCPU
		{F2BE0765-6429-4248-86D1-EFF4FA33B91C}.Release|AnyCPU.Build.0 = Release|AnyCPU
	EndGlobalSection
	GlobalSection(SolutionProperties) = preSolution
		HideSolutionNode = FALSE
	EndGlobalSection
EndGlobal
